// !$*UTF8*$!
{
	archiveVersion = 1;
	classes = {
	};
	objectVersion = 77;
	objects = {

/* Begin PBXBuildFile section */
		02E7FB9F1FFB463D76068A0A /* CandidateWindowGeometry.swift in Sources */ = {isa = PBXBuildFile; fileRef = F06288DBCB2526374D286134 /* CandidateWindowGeometry.swift */; };
		0352B21E115F9B623A6522F1 /* BopomofoParser.swift in Sources */ = {isa = PBXBuildFile; fileRef = 2A6ADDDB3A71F14605377937 /* BopomofoParser.swift */; };
		062DE77B1B3A7186707494E8 /* CharacterCandidateProviderTests.swift in Sources */ = {isa = PBXBuildFile; fileRef = 9A684017D608CC4FA5BF19D4 /* CharacterCandidateProviderTests.swift */; };
		06D29E90ABC8C6BCE74BE0E8 /* Carbon.framework in Frameworks */ = {isa = PBXBuildFile; fileRef = 587C51C5637FCED202A4E35B /* Carbon.framework */; };
		09A6C56FD11D94F7A555F1D5 /* ShiftToggleController.swift in Sources */ = {isa = PBXBuildFile; fileRef = 57E03D98756138B225E54A9B /* ShiftToggleController.swift */; };
		09E3DE5DDF04573C662D9C6D /* UserDataLocationTests.swift in Sources */ = {isa = PBXBuildFile; fileRef = 390A747ED6D62564F6523EAB /* UserDataLocationTests.swift */; };
		0F0FA0A3E6356E1AA6EC69C2 /* PunctuationLayoutTests.swift in Sources */ = {isa = PBXBuildFile; fileRef = 516A63A789EAA07A71EA98FB /* PunctuationLayoutTests.swift */; };
		0F5E16968C0BBE31F6884C59 /* libsqlite3.tbd in Frameworks */ = {isa = PBXBuildFile; fileRef = D01F60E94243161D89FAC2DA /* libsqlite3.tbd */; };
		10F58E2EFB33A47E0A930144 /* PreferencesController.swift in Sources */ = {isa = PBXBuildFile; fileRef = FD336BCDD6182DF9BD10D940 /* PreferencesController.swift */; };
		11D885D73DDF9A2F8185CF0E /* CandidateRankerTests.swift in Sources */ = {isa = PBXBuildFile; fileRef = 75066D454F50C29C343823FA /* CandidateRankerTests.swift */; };
		13690FD1D6254FFFE84EE809 /* Carbon.framework in Frameworks */ = {isa = PBXBuildFile; fileRef = 587C51C5637FCED202A4E35B /* Carbon.framework */; };
		1456C798D4B7A0C1F6ED8AEE /* UserDataLocation.swift in Sources */ = {isa = PBXBuildFile; fileRef = 1341D26D7D00ADF00B3355C1 /* UserDataLocation.swift */; };
		14C4230B00D5EC61B7A8901F /* StandardZhuyinLayout.swift in Sources */ = {isa = PBXBuildFile; fileRef = 64635B11159AA169ED0D0E12 /* StandardZhuyinLayout.swift */; };
		174786A95696AC964BBB4E9C /* CNS11643_NOTICE.txt in Resources */ = {isa = PBXBuildFile; fileRef = DB6C4C3C3D9C5AF38A048092 /* CNS11643_NOTICE.txt */; };
		1B00F60DE3439C7B17350472 /* UserPhraseStoreTests.swift in Sources */ = {isa = PBXBuildFile; fileRef = 910ED64345E6E1246CF21D8D /* UserPhraseStoreTests.swift */; };
		1B8AB2057B43870E1380A411 /* CNS11643Parser.swift in Sources */ = {isa = PBXBuildFile; fileRef = DCE4D0FD6DBF128C8A6E0E95 /* CNS11643Parser.swift */; };
		1D378560EA1F2C421C82DEEA /* InputMethodBundleMetadataTests.swift in Sources */ = {isa = PBXBuildFile; fileRef = 6DB5DBC5A6EA2F9E9E2D60F0 /* InputMethodBundleMetadataTests.swift */; };
		1D773CD1E1A309F6C81E3F1B /* InputController.swift in Sources */ = {isa = PBXBuildFile; fileRef = 0748FDE71A052EB86AE9FC0B /* InputController.swift */; };
		1F94381C74A7CB144051FCEF /* SystemInputSourceObserver.swift in Sources */ = {isa = PBXBuildFile; fileRef = 18908D66BF59A103E6375944 /* SystemInputSourceObserver.swift */; };
		1FDF4D3E9FBF8FD143F2AA53 /* Security.framework in Frameworks */ = {isa = PBXBuildFile; fileRef = 3956B2AE2EBC770F628C9DB3 /* Security.framework */; };
		21E3AD251A8F91C2BABCE41D /* LICENSE in Resources */ = {isa = PBXBuildFile; fileRef = 3949A14825AABD914BE95424 /* LICENSE */; };
		2207DC03991162132E2D24A9 /* CloudKitUserDataTransport.swift in Sources */ = {isa = PBXBuildFile; fileRef = 5DD93628A9B830AEF60D269E /* CloudKitUserDataTransport.swift */; };
		221A51110211C7971ECB3808 /* BopomofoSyllable.swift in Sources */ = {isa = PBXBuildFile; fileRef = 2F47A2FE1EDD014C1ED067B9 /* BopomofoSyllable.swift */; };
		24AB213BDD66DFC7BFAF095A /* Preferences.swift in Sources */ = {isa = PBXBuildFile; fileRef = 9DB37C26BAC573ED8275147C /* Preferences.swift */; };
		2538A2B3C7B9A89AE53CC398 /* DictionaryDatabaseBuilder.swift in Sources */ = {isa = PBXBuildFile; fileRef = DB8DC81AD20B395557D783DA /* DictionaryDatabaseBuilder.swift */; };
		25D17A90C07E9393159D5878 /* BopomofoSyllableTests.swift in Sources */ = {isa = PBXBuildFile; fileRef = 3C33B04771685814347CC1EF /* BopomofoSyllableTests.swift */; };
		27AFCC19C975073B881F8EB8 /* CandidateInputSourcePolicy.swift in Sources */ = {isa = PBXBuildFile; fileRef = 9690E76FF37E2DCB587DAC99 /* CandidateInputSourcePolicy.swift */; };
		28AB81FC9394CA3AC7667269 /* JiukongZhuyin.sqlite3 in Resources */ = {isa = PBXBuildFile; fileRef = DC6DA06683B57D7A7EE892B0 /* JiukongZhuyin.sqlite3 */; };
		29F509D9776FACB1E4A2A5F8 /* CandidateWindowPresenter.swift in Sources */ = {isa = PBXBuildFile; fileRef = D254359DA2CC8A28A1C9A40D /* CandidateWindowPresenter.swift */; };
		2D4263F656A8941B5D8AAF7D /* UserLearningService.swift in Sources */ = {isa = PBXBuildFile; fileRef = 6B19ADC9CB48766F2114ADEA /* UserLearningService.swift */; };
		2D54DEC94A02BCE037FB0E6A /* Candidate.swift in Sources */ = {isa = PBXBuildFile; fileRef = 8896906B6EED89C1949CC6BF /* Candidate.swift */; };
		2E2ECD47C774027B14A28B1A /* CloudUserDataModels.swift in Sources */ = {isa = PBXBuildFile; fileRef = B65E2ED9B9B0619D268501FA /* CloudUserDataModels.swift */; };
		2EE85E7821596FF3CE7BB318 /* CandidateCommandRouterTests.swift in Sources */ = {isa = PBXBuildFile; fileRef = 5B1F700E2EDCFBED4603FCD0 /* CandidateCommandRouterTests.swift */; };
		32FFACF4D57F4C6532DE149F /* UserLearningStore.swift in Sources */ = {isa = PBXBuildFile; fileRef = EC0DE456E2A3AFF5C99A6F1F /* UserLearningStore.swift */; };
		33951357A88B3EE63C0D5F31 /* UserDataCloudSyncCoordinator.swift in Sources */ = {isa = PBXBuildFile; fileRef = 443AFD224DBEF6F890A10793 /* UserDataCloudSyncCoordinator.swift */; };
		345D014A7644CB35C17E2839 /* BopomofoParser.swift in Sources */ = {isa = PBXBuildFile; fileRef = 2A6ADDDB3A71F14605377937 /* BopomofoParser.swift */; };
		394E4846ED45546A9D38566D /* UserDataCloudSyncCoordinatorTests.swift in Sources */ = {isa = PBXBuildFile; fileRef = 279222F74CF4F2ECF3B1FB0C /* UserDataCloudSyncCoordinatorTests.swift */; };
		3A72184F5739C51510C836C8 /* SQLiteDatabase.swift in Sources */ = {isa = PBXBuildFile; fileRef = AF11A4B9A4441015056013E9 /* SQLiteDatabase.swift */; };
		3C0828692509355D82A1D4EE /* CompositionPunctuationTests.swift in Sources */ = {isa = PBXBuildFile; fileRef = F621FE5FB032FDAD27EBC2B0 /* CompositionPunctuationTests.swift */; };
		3F7FC3F751DC27DE32D05449 /* UserPhraseRecord.swift in Sources */ = {isa = PBXBuildFile; fileRef = C0B8DDB6D74CA6EAD87FDDCF /* UserPhraseRecord.swift */; };
		43C1C9045A125F542E8B2F95 /* InputMethodConfiguration.swift in Sources */ = {isa = PBXBuildFile; fileRef = 6DEFFED8D40A4E667A816905 /* InputMethodConfiguration.swift */; };
		44DF1A91BFB8A2910BE7D86B /* CloudSyncStateStore.swift in Sources */ = {isa = PBXBuildFile; fileRef = 0B2D193AE0A0EB6D678E9964 /* CloudSyncStateStore.swift */; };
		466E8160ED9E56F8243CE8ED /* CloudUserDataModelsTests.swift in Sources */ = {isa = PBXBuildFile; fileRef = E50D6DFC84E6B94322309AF5 /* CloudUserDataModelsTests.swift */; };
		48C1574090A13ACA908DB702 /* PreferencesControllerTests.swift in Sources */ = {isa = PBXBuildFile; fileRef = EB4D535108960D889DB284FB /* PreferencesControllerTests.swift */; };
		4D39358740F95D48BB1148DE /* KeyboardKey.swift in Sources */ = {isa = PBXBuildFile; fileRef = 107AA4C2629FAE0343555A77 /* KeyboardKey.swift */; };
		4DE5097304E0676C4EDECE03 /* CompositionSelectionCommandRouter.swift in Sources */ = {isa = PBXBuildFile; fileRef = A66A01410C21B39C42BD6E35 /* CompositionSelectionCommandRouter.swift */; };
		4E0D9DE49EDA18DC03634DAE /* CloudUserDataModels.swift in Sources */ = {isa = PBXBuildFile; fileRef = B65E2ED9B9B0619D268501FA /* CloudUserDataModels.swift */; };
		4E179BBFE7B49DD47A04264B /* CompositionPresentationTests.swift in Sources */ = {isa = PBXBuildFile; fileRef = B14C51C5EA239A803E995F77 /* CompositionPresentationTests.swift */; };
		4E27FB179E3297E5BCDA4255 /* JiukongDebugLog.swift in Sources */ = {isa = PBXBuildFile; fileRef = 70D376021A1A6CCEAC09536F /* JiukongDebugLog.swift */; };
		4E77E4E926F338BBE5EFAC3A /* ProcessEntitlements.swift in Sources */ = {isa = PBXBuildFile; fileRef = 5E02E22713564B559C471CEE /* ProcessEntitlements.swift */; };
		4EE56011674AE8700780FC80 /* ShiftToggleController.swift in Sources */ = {isa = PBXBuildFile; fileRef = 57E03D98756138B225E54A9B /* ShiftToggleController.swift */; };
		52262D0D1FE7C1B84A323476 /* CompositionPresentation.swift in Sources */ = {isa = PBXBuildFile; fileRef = E8118F46308D10E62E4662D8 /* CompositionPresentation.swift */; };
		541310968ECA585A33D08250 /* CNS11643Manifest.swift in Sources */ = {isa = PBXBuildFile; fileRef = E9502DD5E44CA13CFA608D85 /* CNS11643Manifest.swift */; };
		542B8FDDC49A9321AEAD8936 /* CursorIndicatorAppearance.swift in Sources */ = {isa = PBXBuildFile; fileRef = CA9661CC7784B8CDF66544CA /* CursorIndicatorAppearance.swift */; };
		5541F07226D7C1743690D21B /* CandidateCommandReducer.swift in Sources */ = {isa = PBXBuildFile; fileRef = 3A545CAC8F4BD34F6A5E08F3 /* CandidateCommandReducer.swift */; };
		55DDF9DCC55CE3B207F10651 /* InputMethodConfigurationTests.swift in Sources */ = {isa = PBXBuildFile; fileRef = BFC1F18DAE2728F800E9A04A /* InputMethodConfigurationTests.swift */; };
		582D9AC95E5A0B8A1F901FC9 /* idiomsdict_usage_note.txt in Resources */ = {isa = PBXBuildFile; fileRef = 67B50E28AEB4CF9B5FFC80AE /* idiomsdict_usage_note.txt */; };
		58CBE9AF70FDA1DEB49C8369 /* CNS11643Manifest.swift in Sources */ = {isa = PBXBuildFile; fileRef = E9502DD5E44CA13CFA608D85 /* CNS11643Manifest.swift */; };
		5947BC0113949558CB27C050 /* CNS11643Parser.swift in Sources */ = {isa = PBXBuildFile; fileRef = DCE4D0FD6DBF128C8A6E0E95 /* CNS11643Parser.swift */; };
		5A34442CA12BB28D8BDD49D4 /* SettingsWindowController.swift in Sources */ = {isa = PBXBuildFile; fileRef = C5F39349259F1AB560B2117D /* SettingsWindowController.swift */; };
		5B46C5E8B79F4EB84B727D15 /* PreferencesStore.swift in Sources */ = {isa = PBXBuildFile; fileRef = AF4EAFAF400FF306E24BD9EE /* PreferencesStore.swift */; };
		638BC03F66F38695BD917CD4 /* CNS11643ParserTests.swift in Sources */ = {isa = PBXBuildFile; fileRef = D54FE3D81889F06781B4BBD5 /* CNS11643ParserTests.swift */; };
		649EFD22D39CABBFDFC713E0 /* UserDataClearingTests.swift in Sources */ = {isa = PBXBuildFile; fileRef = 7B186CA5B924FBF653433399 /* UserDataClearingTests.swift */; };
		691D5B59E2BAFDC69B588C08 /* BopomofoParserTests.swift in Sources */ = {isa = PBXBuildFile; fileRef = C26E20F48A99B95459A0E4A7 /* BopomofoParserTests.swift */; };
		6ABAB42F3756D9078A3AB55D /* CharacterDictionary.swift in Sources */ = {isa = PBXBuildFile; fileRef = 9554CAC0E5E9F4B0AB9592A4 /* CharacterDictionary.swift */; };
		6DAD5D17BE31C20B736550B7 /* UserPhraseRecordTests.swift in Sources */ = {isa = PBXBuildFile; fileRef = 8B7F381FE59E194327DB4A8C /* UserPhraseRecordTests.swift */; };
		6F33F5771F3E8FE49F86F21E /* BopomofoSyllable.swift in Sources */ = {isa = PBXBuildFile; fileRef = 2F47A2FE1EDD014C1ED067B9 /* BopomofoSyllable.swift */; };
		724300226842DB5D4E6188AA /* CandidateCommandRouter.swift in Sources */ = {isa = PBXBuildFile; fileRef = 2F5407D4BBBCF115C2FE4D7C /* CandidateCommandRouter.swift */; };
		73B0C3C365AC586D955484A3 /* PunctuationLayout.swift in Sources */ = {isa = PBXBuildFile; fileRef = 590627441D682121FCF1B0A1 /* PunctuationLayout.swift */; };
		7405CDDB31C191D8513124AB /* CompositionSelectionCommandRouter.swift in Sources */ = {isa = PBXBuildFile; fileRef = A66A01410C21B39C42BD6E35 /* CompositionSelectionCommandRouter.swift */; };
		748A37EAEF698053462FED9C /* SQLiteDatabase.swift in Sources */ = {isa = PBXBuildFile; fileRef = AF11A4B9A4441015056013E9 /* SQLiteDatabase.swift */; };
		74B209D9EA69393A3821C3CE /* BopomofoComponent.swift in Sources */ = {isa = PBXBuildFile; fileRef = BFF5D0B1D084CF9D4932B4A8 /* BopomofoComponent.swift */; };
		7554A9A75EB55F73616FD4E3 /* UserDataListController.swift in Sources */ = {isa = PBXBuildFile; fileRef = C4AF04406192C10379BCF682 /* UserDataListController.swift */; };
		75B45809505AAD2B711EEEEE /* PreferencesStoreTests.swift in Sources */ = {isa = PBXBuildFile; fileRef = 03517B2F1F6C10948547B0A2 /* PreferencesStoreTests.swift */; };
		7692788946787A42FBFD1C1D /* ApplicationServices.framework in Frameworks */ = {isa = PBXBuildFile; fileRef = 4C89DF611021C67F5A4EE86B /* ApplicationServices.framework */; };
		76A3472BDB7EB02CB094A40B /* CandidateCommandRouter.swift in Sources */ = {isa = PBXBuildFile; fileRef = 2F5407D4BBBCF115C2FE4D7C /* CandidateCommandRouter.swift */; };
		783D7541B400A444EFA62568 /* CharacterDictionary.swift in Sources */ = {isa = PBXBuildFile; fileRef = 9554CAC0E5E9F4B0AB9592A4 /* CharacterDictionary.swift */; };
		7922B9A6DE6E65F931DB7893 /* CandidateInputSourcePolicy.swift in Sources */ = {isa = PBXBuildFile; fileRef = 9690E76FF37E2DCB587DAC99 /* CandidateInputSourcePolicy.swift */; };
		7986DB8CBA3991C500C83732 /* UserDataArchiveTests.swift in Sources */ = {isa = PBXBuildFile; fileRef = E94452FDF698E1AC4A512804 /* UserDataArchiveTests.swift */; };
		7A1349070DEC486C81212436 /* CursorIndicatorGeometryTests.swift in Sources */ = {isa = PBXBuildFile; fileRef = 4497D9BCA68975759C628228 /* CursorIndicatorGeometryTests.swift */; };
		7CC53D7DA8D6E018675A5127 /* main.swift in Sources */ = {isa = PBXBuildFile; fileRef = 32EFC11EAB2C94A893A2CB57 /* main.swift */; };
		7E2D7117CFDA78E9807B11F8 /* InfoPlist.strings in Resources */ = {isa = PBXBuildFile; fileRef = 526E719C0F15F1EBD7F97B60 /* InfoPlist.strings */; };
		7FAC91725DD3BA0C1FD5A503 /* CloudKitUserDataTransport.swift in Sources */ = {isa = PBXBuildFile; fileRef = 5DD93628A9B830AEF60D269E /* CloudKitUserDataTransport.swift */; };
		8020A615F713F90B149D7D7E /* JiukongChineseColor.tiff in Resources */ = {isa = PBXBuildFile; fileRef = 4A9DDAA5512C0469CF228A95 /* JiukongChineseColor.tiff */; };
		80712CA4184D87603AE489B5 /* reviseddict_usage_note.txt in Resources */ = {isa = PBXBuildFile; fileRef = 52585F1659FDE1B503AF4C48 /* reviseddict_usage_note.txt */; };
		80B363BEF54D73A50D59D6C3 /* JiukongZhuyin.icns in Resources */ = {isa = PBXBuildFile; fileRef = 6D0250DE229CC5F807BD93B0 /* JiukongZhuyin.icns */; };
		82C7B20D1A38E5D3A6F84893 /* CandidateSession.swift in Sources */ = {isa = PBXBuildFile; fileRef = 8310435AE00955EBEFC673B6 /* CandidateSession.swift */; };
		83C3DE679188B0C162D3459E /* CursorIndicatorSettings.swift in Sources */ = {isa = PBXBuildFile; fileRef = 7D12FCF239B86FEA58145D48 /* CursorIndicatorSettings.swift */; };
		844532DE7B7F37E1857AD534 /* CloudKit.framework in Frameworks */ = {isa = PBXBuildFile; fileRef = 18AC85D7F620408F5BBAE571 /* CloudKit.framework */; };
		84A630E44B128E3159290C4A /* CandidateWindowGeometry.swift in Sources */ = {isa = PBXBuildFile; fileRef = F06288DBCB2526374D286134 /* CandidateWindowGeometry.swift */; };
		84FAFD8A15D9C4EAB7774211 /* UserLearningService.swift in Sources */ = {isa = PBXBuildFile; fileRef = 6B19ADC9CB48766F2114ADEA /* UserLearningService.swift */; };
		8906769D870222349344D909 /* CandidateSessionTests.swift in Sources */ = {isa = PBXBuildFile; fileRef = AB7307E6AF04437571E89464 /* CandidateSessionTests.swift */; };
		894FB3752118447FFA027069 /* CompositionBuffer.swift in Sources */ = {isa = PBXBuildFile; fileRef = 4E4B61BA9443C8DBB358D1B4 /* CompositionBuffer.swift */; };
		8956540EC92A556EE2F15536 /* PreferencesController.swift in Sources */ = {isa = PBXBuildFile; fileRef = FD336BCDD6182DF9BD10D940 /* PreferencesController.swift */; };
		8BD01F9CBA8CF49E13B52119 /* LanguageModeHUD.swift in Sources */ = {isa = PBXBuildFile; fileRef = 9220050C684AE486133EF673 /* LanguageModeHUD.swift */; };
		8E799509AF0265E9ABF7D848 /* InputSourceRegistrar.swift in Sources */ = {isa = PBXBuildFile; fileRef = 7585ED007DF726DC32E2962F /* InputSourceRegistrar.swift */; };
		9026C8DCE02772769169E368 /* StandardZhuyinLayoutTests.swift in Sources */ = {isa = PBXBuildFile; fileRef = E7EC61447034D1CD5F119ABE /* StandardZhuyinLayoutTests.swift */; };
		9039F5A7FF8C462C8DC0CE60 /* CandidateWindowGeometryTests.swift in Sources */ = {isa = PBXBuildFile; fileRef = 6EAC6E2E779D03B2EA7598C3 /* CandidateWindowGeometryTests.swift */; };
		911BE00DEAF2D048893B9BE4 /* UserDataManagementTests.swift in Sources */ = {isa = PBXBuildFile; fileRef = 41AD9FD532E11E8C8224086E /* UserDataManagementTests.swift */; };
		9287CE720D6704310DC434EC /* SettingsPaneBuilder.swift in Sources */ = {isa = PBXBuildFile; fileRef = 8E8A97993E9F64F784A88C56 /* SettingsPaneBuilder.swift */; };
		93E94D975A38BB4DF37C9B1D /* CloudSyncStateStore.swift in Sources */ = {isa = PBXBuildFile; fileRef = 0B2D193AE0A0EB6D678E9964 /* CloudSyncStateStore.swift */; };
		9400F25BFE4125223C0A4C94 /* CharacterDictionaryTests.swift in Sources */ = {isa = PBXBuildFile; fileRef = 7895A9545C5B00692874ED5E /* CharacterDictionaryTests.swift */; };
		95522E389CFF44DD09F42E1E /* CharacterLearningRecord.swift in Sources */ = {isa = PBXBuildFile; fileRef = 8DE283EC54CA1DA251A3E416 /* CharacterLearningRecord.swift */; };
		975D05A5C10F709BD3FD6780 /* CharacterCandidateProvider.swift in Sources */ = {isa = PBXBuildFile; fileRef = A34FE8366ECC04BA9E927190 /* CharacterCandidateProvider.swift */; };
		978D9B4587E3BA9520629731 /* UserDataLocation.swift in Sources */ = {isa = PBXBuildFile; fileRef = 1341D26D7D00ADF00B3355C1 /* UserDataLocation.swift */; };
		99047DAB7FB6584F657027DC /* ZhuyinKeyboardArrangementTests.swift in Sources */ = {isa = PBXBuildFile; fileRef = 5E22AD0F0E53E2614E50243E /* ZhuyinKeyboardArrangementTests.swift */; };
		9D4AA24580EE764F6247165D /* UserDataArchive.swift in Sources */ = {isa = PBXBuildFile; fileRef = FE159E9B3BB3BB68574482C8 /* UserDataArchive.swift */; };
		9E890B00268B9CE953688691 /* CompositionBufferTests.swift in Sources */ = {isa = PBXBuildFile; fileRef = E0205FBBB5182BEB7E74D732 /* CompositionBufferTests.swift */; };
		9ED29E5445797849DC35D866 /* CompositionSelectionCommandRouterTests.swift in Sources */ = {isa = PBXBuildFile; fileRef = 342935799C98E9EB5584AF78 /* CompositionSelectionCommandRouterTests.swift */; };
		A0301C6A683601AA029AEB80 /* CandidateInputSourcePolicyTests.swift in Sources */ = {isa = PBXBuildFile; fileRef = C31EF19D1B271390577AA04E /* CandidateInputSourcePolicyTests.swift */; };
		A05333C1ECECB1A47CE36C80 /* Candidate.swift in Sources */ = {isa = PBXBuildFile; fileRef = 8896906B6EED89C1949CC6BF /* Candidate.swift */; };
		A0A1101F2A6E54631335AB66 /* PunctuationLayout.swift in Sources */ = {isa = PBXBuildFile; fileRef = 590627441D682121FCF1B0A1 /* PunctuationLayout.swift */; };
		A26F4F32F9F39B2A4A7087DB /* BopomofoInputSessionTests.swift in Sources */ = {isa = PBXBuildFile; fileRef = 5D23CD3BA494977E33B8494E /* BopomofoInputSessionTests.swift */; };
		A42FED9E91B02027F0F587BD /* Preferences.swift in Sources */ = {isa = PBXBuildFile; fileRef = 9DB37C26BAC573ED8275147C /* Preferences.swift */; };
		A431CA677C91ADEB6DB757DB /* CloudKit.framework in Frameworks */ = {isa = PBXBuildFile; fileRef = 18AC85D7F620408F5BBAE571 /* CloudKit.framework */; };
		A5DB6ECF4DB8559F53142A27 /* THIRD_PARTY_NOTICES.md in Resources */ = {isa = PBXBuildFile; fileRef = 59BCBE810448594E2AA57ED1 /* THIRD_PARTY_NOTICES.md */; };
		A8D5A9719E6F91407BCE6469 /* libsqlite3.tbd in Frameworks */ = {isa = PBXBuildFile; fileRef = D01F60E94243161D89FAC2DA /* libsqlite3.tbd */; };
		A983D01C34A682BE5E9A5CB5 /* JiukongEnglishAColor.tiff in Resources */ = {isa = PBXBuildFile; fileRef = 89A231FF829D0C1175F3EBAE /* JiukongEnglishAColor.tiff */; };
		AECF58023168697EB29690B7 /* ShiftToggleControllerTests.swift in Sources */ = {isa = PBXBuildFile; fileRef = 15074F31AE6BAC12F61FA8C2 /* ShiftToggleControllerTests.swift */; };
		AEE5E0C548CFEB9403D40C1F /* StandardZhuyinLayout.swift in Sources */ = {isa = PBXBuildFile; fileRef = 64635B11159AA169ED0D0E12 /* StandardZhuyinLayout.swift */; };
		B1409166A1985A84FE6FE8A1 /* MacVirtualKeyResolver.swift in Sources */ = {isa = PBXBuildFile; fileRef = F49A4DBEBAB69CA4ECB7C6BB /* MacVirtualKeyResolver.swift */; };
		B1D7C34297C2E2B4608380FF /* AppKit.framework in Frameworks */ = {isa = PBXBuildFile; fileRef = C138C15B074BE10308B20A49 /* AppKit.framework */; };
		B45DB918B600DC2BB2A429FC /* CursorIndicatorSettings.swift in Sources */ = {isa = PBXBuildFile; fileRef = 7D12FCF239B86FEA58145D48 /* CursorIndicatorSettings.swift */; };
		B4CEC073646B884FDA6B3D07 /* CharacterCandidateProvider.swift in Sources */ = {isa = PBXBuildFile; fileRef = A34FE8366ECC04BA9E927190 /* CharacterCandidateProvider.swift */; };
		B64D231C81DD6D492AECD234 /* CompositionBuffer.swift in Sources */ = {isa = PBXBuildFile; fileRef = 4E4B61BA9443C8DBB358D1B4 /* CompositionBuffer.swift */; };
		B66C26915E2C357F5F75124D /* InfoPlist.strings in Resources */ = {isa = PBXBuildFile; fileRef = ADA9A220B1F956AABB6E5674 /* InfoPlist.strings */; };
		B8A44384A0D54EAFCDDAF471 /* AppKit.framework in Frameworks */ = {isa = PBXBuildFile; fileRef = C138C15B074BE10308B20A49 /* AppKit.framework */; };
		BC4A030EDCA83C5B11D3A154 /* AppKit.framework in Frameworks */ = {isa = PBXBuildFile; fileRef = C138C15B074BE10308B20A49 /* AppKit.framework */; };
		BCCCAB446FCD3FF1FCEC7ABB /* LanguageMode.swift in Sources */ = {isa = PBXBuildFile; fileRef = DCFB253696548963758C54D3 /* LanguageMode.swift */; };
		BE4808863CB14E5266F27157 /* UserLearningServiceTests.swift in Sources */ = {isa = PBXBuildFile; fileRef = DB6A7847C769C7EBFA02807B /* UserLearningServiceTests.swift */; };
		BECDFB34AA2E5BF67DD334EB /* KeyboardLayout.swift in Sources */ = {isa = PBXBuildFile; fileRef = 66E74D5C9092354C9CF3EA41 /* KeyboardLayout.swift */; };
		C0D2E8687417E57F472D6278 /* BopomofoComponent.swift in Sources */ = {isa = PBXBuildFile; fileRef = BFF5D0B1D084CF9D4932B4A8 /* BopomofoComponent.swift */; };
		C22E96D6B767D834A219EA83 /* BopomofoInputSession.swift in Sources */ = {isa = PBXBuildFile; fileRef = 419FC6A3D62C119C46323262 /* BopomofoInputSession.swift */; };
		C246AB747EDFD6E92B592CF2 /* libsqlite3.tbd in Frameworks */ = {isa = PBXBuildFile; fileRef = D01F60E94243161D89FAC2DA /* libsqlite3.tbd */; };
		C68A40019CFABADFB86AFB8F /* CandidateRanker.swift in Sources */ = {isa = PBXBuildFile; fileRef = 9FE8FC4D53161F2C3FC97182 /* CandidateRanker.swift */; };
		C784F5A3F57A6FB557A6B56E /* main.swift in Sources */ = {isa = PBXBuildFile; fileRef = 2EE5DFE6245A13D720524505 /* main.swift */; };
		C79D565EE382F7DF72B0B86E /* PreferencesStore.swift in Sources */ = {isa = PBXBuildFile; fileRef = AF4EAFAF400FF306E24BD9EE /* PreferencesStore.swift */; };
		C916E036900B4B6FDD26D113 /* KeyboardKey.swift in Sources */ = {isa = PBXBuildFile; fileRef = 107AA4C2629FAE0343555A77 /* KeyboardKey.swift */; };
		CA9939E6A9E47F07A760DF9C /* LanguageMode.swift in Sources */ = {isa = PBXBuildFile; fileRef = DCFB253696548963758C54D3 /* LanguageMode.swift */; };
		CB892CD22D17228E5671B987 /* PreferencesTests.swift in Sources */ = {isa = PBXBuildFile; fileRef = 119722559BC5DEFC2BB0D86C /* PreferencesTests.swift */; };
		CCDC2BE780CFAC5622DF6ED0 /* ZhuyinKeyboardArrangement.swift in Sources */ = {isa = PBXBuildFile; fileRef = 864E157C1B491375C06D884F /* ZhuyinKeyboardArrangement.swift */; };
		D242D1A724515FE9CBB3864F /* ZhuyinKeyboardArrangement.swift in Sources */ = {isa = PBXBuildFile; fileRef = 864E157C1B491375C06D884F /* ZhuyinKeyboardArrangement.swift */; };
		D3809C7726558145797A7920 /* CursorIndicatorSettingsController.swift in Sources */ = {isa = PBXBuildFile; fileRef = DE945FBF3665CB323C8AADFD /* CursorIndicatorSettingsController.swift */; };
		D6481FE4F6A1F6757C1446A3 /* UserDataCloudSyncCoordinator.swift in Sources */ = {isa = PBXBuildFile; fileRef = 443AFD224DBEF6F890A10793 /* UserDataCloudSyncCoordinator.swift */; };
		D7E75B586FA82EAACCF6E0D8 /* CandidateCommandReducer.swift in Sources */ = {isa = PBXBuildFile; fileRef = 3A545CAC8F4BD34F6A5E08F3 /* CandidateCommandReducer.swift */; };
		D89C42F7906FC7C49B80820E /* CursorIndicatorAppearanceTests.swift in Sources */ = {isa = PBXBuildFile; fileRef = 2E6CBF81B08691090230C695 /* CursorIndicatorAppearanceTests.swift */; };
		D8F7B09EB7E71F6893ACE77A /* UserLearningStore.swift in Sources */ = {isa = PBXBuildFile; fileRef = EC0DE456E2A3AFF5C99A6F1F /* UserLearningStore.swift */; };
		D967BA129A655FE1FDD923CC /* CandidateSession.swift in Sources */ = {isa = PBXBuildFile; fileRef = 8310435AE00955EBEFC673B6 /* CandidateSession.swift */; };
		DAB7E6162D556C7F816BEB2F /* CryptoKit.framework in Frameworks */ = {isa = PBXBuildFile; fileRef = 1E38BA26E2A742FE938ED829 /* CryptoKit.framework */; };
		DD83C944DB869BC12A8E613E /* CharacterLearningRecord.swift in Sources */ = {isa = PBXBuildFile; fileRef = 8DE283EC54CA1DA251A3E416 /* CharacterLearningRecord.swift */; };
		DDDDEB68BB5A40BF148FFD5D /* CompositionPresentation.swift in Sources */ = {isa = PBXBuildFile; fileRef = E8118F46308D10E62E4662D8 /* CompositionPresentation.swift */; };
		DE72C8816E0AB3015D3E6A41 /* UserPhraseRecord.swift in Sources */ = {isa = PBXBuildFile; fileRef = C0B8DDB6D74CA6EAD87FDDCF /* UserPhraseRecord.swift */; };
		DE83BDCA385BDE0B8EC5C726 /* CharacterDictionary.swift in Sources */ = {isa = PBXBuildFile; fileRef = 9554CAC0E5E9F4B0AB9592A4 /* CharacterDictionary.swift */; };
		DFAB5EC9BDD65F6D06466116 /* MacVirtualKeyResolver.swift in Sources */ = {isa = PBXBuildFile; fileRef = F49A4DBEBAB69CA4ECB7C6BB /* MacVirtualKeyResolver.swift */; };
		E0A46594541AEC11CB5E0A3F /* CursorIndicatorController.swift in Sources */ = {isa = PBXBuildFile; fileRef = D46E8F8417254BFC17D893EF /* CursorIndicatorController.swift */; };
		E0E06A086EB36FD974ABF230 /* InputMethodConfiguration.swift in Sources */ = {isa = PBXBuildFile; fileRef = 6DEFFED8D40A4E667A816905 /* InputMethodConfiguration.swift */; };
		E0E3E8A547EFCC37BACA41EA /* BopomofoInputSession.swift in Sources */ = {isa = PBXBuildFile; fileRef = 419FC6A3D62C119C46323262 /* BopomofoInputSession.swift */; };
		E28F248C99C7DF51EDAF39E1 /* CandidateRanker.swift in Sources */ = {isa = PBXBuildFile; fileRef = 9FE8FC4D53161F2C3FC97182 /* CandidateRanker.swift */; };
		E59BB2EACE8615C94B5986A1 /* Security.framework in Frameworks */ = {isa = PBXBuildFile; fileRef = 3956B2AE2EBC770F628C9DB3 /* Security.framework */; };
		E896398AE7C47441EB7C1FA9 /* CandidateCommandReducerTests.swift in Sources */ = {isa = PBXBuildFile; fileRef = 6A1613B5168B215B9F510502 /* CandidateCommandReducerTests.swift */; };
		EFCBEE5E567827B60368C2E6 /* UserDataArchive.swift in Sources */ = {isa = PBXBuildFile; fileRef = FE159E9B3BB3BB68574482C8 /* UserDataArchive.swift */; };
		F0ACF6BA1D0666B7364E6650 /* KeyboardLayout.swift in Sources */ = {isa = PBXBuildFile; fileRef = 66E74D5C9092354C9CF3EA41 /* KeyboardLayout.swift */; };
		F154953E8795E872037E4B08 /* CryptoKit.framework in Frameworks */ = {isa = PBXBuildFile; fileRef = 1E38BA26E2A742FE938ED829 /* CryptoKit.framework */; };
		F32A31CF08E28712EA537A8F /* main.swift in Sources */ = {isa = PBXBuildFile; fileRef = C30667214FEE41C9496CF28D /* main.swift */; };
		F370DC600E90D9AD024FBEC4 /* DictionaryDatabaseBuilder.swift in Sources */ = {isa = PBXBuildFile; fileRef = DB8DC81AD20B395557D783DA /* DictionaryDatabaseBuilder.swift */; };
		F3E8E32FA9DD2C28F030D0D9 /* UserLearningStoreTests.swift in Sources */ = {isa = PBXBuildFile; fileRef = 6B33CE5FC1C0E74BBF4DB33B /* UserLearningStoreTests.swift */; };
		F7761C7EF89808E052F64C42 /* SQLiteDatabase.swift in Sources */ = {isa = PBXBuildFile; fileRef = AF11A4B9A4441015056013E9 /* SQLiteDatabase.swift */; };
		FA5D4798C7B7AFA33E123E22 /* Carbon.framework in Frameworks */ = {isa = PBXBuildFile; fileRef = 587C51C5637FCED202A4E35B /* Carbon.framework */; };
		FAA8AF736F00BE3C1D98B4B2 /* JiukongZhuyin.tiff in Resources */ = {isa = PBXBuildFile; fileRef = 4C5469DB3F703E5F890E2447 /* JiukongZhuyin.tiff */; };
		FB6FDDEA301CFF20A86C2D5C /* InputMethodKit.framework in Frameworks */ = {isa = PBXBuildFile; fileRef = BA10CF0D1E479C8C3619A5A0 /* InputMethodKit.framework */; };
		FBAF5AFE01B9D5EE4BDAFFF3 /* CursorIndicatorAppearance.swift in Sources */ = {isa = PBXBuildFile; fileRef = CA9661CC7784B8CDF66544CA /* CursorIndicatorAppearance.swift */; };
		FF9E6E8589539CF01B832346 /* ProcessEntitlements.swift in Sources */ = {isa = PBXBuildFile; fileRef = 5E02E22713564B559C471CEE /* ProcessEntitlements.swift */; };
/* End PBXBuildFile section */

/* Begin PBXFileReference section */
		03372E98F4DBBEF1F851A3BF /* Jiukong Acceptance Harness */ = {isa = PBXFileReference; includeInIndex = 0; path = "Jiukong Acceptance Harness"; sourceTree = BUILT_PRODUCTS_DIR; };
		03517B2F1F6C10948547B0A2 /* PreferencesStoreTests.swift */ = {isa = PBXFileReference; lastKnownFileType = sourcecode.swift; path = PreferencesStoreTests.swift; sourceTree = "<group>"; };
		0748FDE71A052EB86AE9FC0B /* InputController.swift */ = {isa = PBXFileReference; lastKnownFileType = sourcecode.swift; path = InputController.swift; sourceTree = "<group>"; };
		0B2D193AE0A0EB6D678E9964 /* CloudSyncStateStore.swift */ = {isa = PBXFileReference; lastKnownFileType = sourcecode.swift; path = CloudSyncStateStore.swift; sourceTree = "<group>"; };
		107AA4C2629FAE0343555A77 /* KeyboardKey.swift */ = {isa = PBXFileReference; lastKnownFileType = sourcecode.swift; path = KeyboardKey.swift; sourceTree = "<group>"; };
		119722559BC5DEFC2BB0D86C /* PreferencesTests.swift */ = {isa = PBXFileReference; lastKnownFileType = sourcecode.swift; path = PreferencesTests.swift; sourceTree = "<group>"; };
		1341D26D7D00ADF00B3355C1 /* UserDataLocation.swift */ = {isa = PBXFileReference; lastKnownFileType = sourcecode.swift; path = UserDataLocation.swift; sourceTree = "<group>"; };
		15074F31AE6BAC12F61FA8C2 /* ShiftToggleControllerTests.swift */ = {isa = PBXFileReference; lastKnownFileType = sourcecode.swift; path = ShiftToggleControllerTests.swift; sourceTree = "<group>"; };
		18908D66BF59A103E6375944 /* SystemInputSourceObserver.swift */ = {isa = PBXFileReference; lastKnownFileType = sourcecode.swift; path = SystemInputSourceObserver.swift; sourceTree = "<group>"; };
		18AC85D7F620408F5BBAE571 /* CloudKit.framework */ = {isa = PBXFileReference; lastKnownFileType = wrapper.framework; name = CloudKit.framework; path = System/Library/Frameworks/CloudKit.framework; sourceTree = SDKROOT; };
		1E38BA26E2A742FE938ED829 /* CryptoKit.framework */ = {isa = PBXFileReference; lastKnownFileType = wrapper.framework; name = CryptoKit.framework; path = System/Library/Frameworks/CryptoKit.framework; sourceTree = SDKROOT; };
		279222F74CF4F2ECF3B1FB0C /* UserDataCloudSyncCoordinatorTests.swift */ = {isa = PBXFileReference; lastKnownFileType = sourcecode.swift; path = UserDataCloudSyncCoordinatorTests.swift; sourceTree = "<group>"; };
		2A6ADDDB3A71F14605377937 /* BopomofoParser.swift */ = {isa = PBXFileReference; lastKnownFileType = sourcecode.swift; path = BopomofoParser.swift; sourceTree = "<group>"; };
		2E6CBF81B08691090230C695 /* CursorIndicatorAppearanceTests.swift */ = {isa = PBXFileReference; lastKnownFileType = sourcecode.swift; path = CursorIndicatorAppearanceTests.swift; sourceTree = "<group>"; };
		2EE5DFE6245A13D720524505 /* main.swift */ = {isa = PBXFileReference; lastKnownFileType = sourcecode.swift; path = main.swift; sourceTree = "<group>"; };
		2F47A2FE1EDD014C1ED067B9 /* BopomofoSyllable.swift */ = {isa = PBXFileReference; lastKnownFileType = sourcecode.swift; path = BopomofoSyllable.swift; sourceTree = "<group>"; };
		2F5407D4BBBCF115C2FE4D7C /* CandidateCommandRouter.swift */ = {isa = PBXFileReference; lastKnownFileType = sourcecode.swift; path = CandidateCommandRouter.swift; sourceTree = "<group>"; };
		32EFC11EAB2C94A893A2CB57 /* main.swift */ = {isa = PBXFileReference; lastKnownFileType = sourcecode.swift; path = main.swift; sourceTree = "<group>"; };
		342935799C98E9EB5584AF78 /* CompositionSelectionCommandRouterTests.swift */ = {isa = PBXFileReference; lastKnownFileType = sourcecode.swift; path = CompositionSelectionCommandRouterTests.swift; sourceTree = "<group>"; };
		390A747ED6D62564F6523EAB /* UserDataLocationTests.swift */ = {isa = PBXFileReference; lastKnownFileType = sourcecode.swift; path = UserDataLocationTests.swift; sourceTree = "<group>"; };
		3949A14825AABD914BE95424 /* LICENSE */ = {isa = PBXFileReference; path = LICENSE; sourceTree = "<group>"; };
		3956B2AE2EBC770F628C9DB3 /* Security.framework */ = {isa = PBXFileReference; lastKnownFileType = wrapper.framework; name = Security.framework; path = System/Library/Frameworks/Security.framework; sourceTree = SDKROOT; };
		3A545CAC8F4BD34F6A5E08F3 /* CandidateCommandReducer.swift */ = {isa = PBXFileReference; lastKnownFileType = sourcecode.swift; path = CandidateCommandReducer.swift; sourceTree = "<group>"; };
		3C33B04771685814347CC1EF /* BopomofoSyllableTests.swift */ = {isa = PBXFileReference; lastKnownFileType = sourcecode.swift; path = BopomofoSyllableTests.swift; sourceTree = "<group>"; };
		419FC6A3D62C119C46323262 /* BopomofoInputSession.swift */ = {isa = PBXFileReference; lastKnownFileType = sourcecode.swift; path = BopomofoInputSession.swift; sourceTree = "<group>"; };
		41AD9FD532E11E8C8224086E /* UserDataManagementTests.swift */ = {isa = PBXFileReference; lastKnownFileType = sourcecode.swift; path = UserDataManagementTests.swift; sourceTree = "<group>"; };
		443AFD224DBEF6F890A10793 /* UserDataCloudSyncCoordinator.swift */ = {isa = PBXFileReference; lastKnownFileType = sourcecode.swift; path = UserDataCloudSyncCoordinator.swift; sourceTree = "<group>"; };
		4497D9BCA68975759C628228 /* CursorIndicatorGeometryTests.swift */ = {isa = PBXFileReference; lastKnownFileType = sourcecode.swift; path = CursorIndicatorGeometryTests.swift; sourceTree = "<group>"; };
		4A9DDAA5512C0469CF228A95 /* JiukongChineseColor.tiff */ = {isa = PBXFileReference; lastKnownFileType = image.tiff; path = JiukongChineseColor.tiff; sourceTree = "<group>"; };
		4C5469DB3F703E5F890E2447 /* JiukongZhuyin.tiff */ = {isa = PBXFileReference; lastKnownFileType = image.tiff; path = JiukongZhuyin.tiff; sourceTree = "<group>"; };
		4C89DF611021C67F5A4EE86B /* ApplicationServices.framework */ = {isa = PBXFileReference; lastKnownFileType = wrapper.framework; name = ApplicationServices.framework; path = System/Library/Frameworks/ApplicationServices.framework; sourceTree = SDKROOT; };
		4E4B61BA9443C8DBB358D1B4 /* CompositionBuffer.swift */ = {isa = PBXFileReference; lastKnownFileType = sourcecode.swift; path = CompositionBuffer.swift; sourceTree = "<group>"; };
		516A63A789EAA07A71EA98FB /* PunctuationLayoutTests.swift */ = {isa = PBXFileReference; lastKnownFileType = sourcecode.swift; path = PunctuationLayoutTests.swift; sourceTree = "<group>"; };
		52585F1659FDE1B503AF4C48 /* reviseddict_usage_note.txt */ = {isa = PBXFileReference; lastKnownFileType = text; path = reviseddict_usage_note.txt; sourceTree = "<group>"; };
		526E719C0F15F1EBD7F97B60 /* InfoPlist.strings */ = {isa = PBXFileReference; lastKnownFileType = text.plist.strings; path = InfoPlist.strings; sourceTree = "<group>"; };
		57E03D98756138B225E54A9B /* ShiftToggleController.swift */ = {isa = PBXFileReference; lastKnownFileType = sourcecode.swift; path = ShiftToggleController.swift; sourceTree = "<group>"; };
		587C51C5637FCED202A4E35B /* Carbon.framework */ = {isa = PBXFileReference; lastKnownFileType = wrapper.framework; name = Carbon.framework; path = System/Library/Frameworks/Carbon.framework; sourceTree = SDKROOT; };
		590627441D682121FCF1B0A1 /* PunctuationLayout.swift */ = {isa = PBXFileReference; lastKnownFileType = sourcecode.swift; path = PunctuationLayout.swift; sourceTree = "<group>"; };
		59BCBE810448594E2AA57ED1 /* THIRD_PARTY_NOTICES.md */ = {isa = PBXFileReference; lastKnownFileType = net.daringfireball.markdown; path = THIRD_PARTY_NOTICES.md; sourceTree = "<group>"; };
		5B1F700E2EDCFBED4603FCD0 /* CandidateCommandRouterTests.swift */ = {isa = PBXFileReference; lastKnownFileType = sourcecode.swift; path = CandidateCommandRouterTests.swift; sourceTree = "<group>"; };
		5D23CD3BA494977E33B8494E /* BopomofoInputSessionTests.swift */ = {isa = PBXFileReference; lastKnownFileType = sourcecode.swift; path = BopomofoInputSessionTests.swift; sourceTree = "<group>"; };
		5DD93628A9B830AEF60D269E /* CloudKitUserDataTransport.swift */ = {isa = PBXFileReference; lastKnownFileType = sourcecode.swift; path = CloudKitUserDataTransport.swift; sourceTree = "<group>"; };
		5E02E22713564B559C471CEE /* ProcessEntitlements.swift */ = {isa = PBXFileReference; lastKnownFileType = sourcecode.swift; path = ProcessEntitlements.swift; sourceTree = "<group>"; };
		5E22AD0F0E53E2614E50243E /* ZhuyinKeyboardArrangementTests.swift */ = {isa = PBXFileReference; lastKnownFileType = sourcecode.swift; path = ZhuyinKeyboardArrangementTests.swift; sourceTree = "<group>"; };
		64635B11159AA169ED0D0E12 /* StandardZhuyinLayout.swift */ = {isa = PBXFileReference; lastKnownFileType = sourcecode.swift; path = StandardZhuyinLayout.swift; sourceTree = "<group>"; };
		66E74D5C9092354C9CF3EA41 /* KeyboardLayout.swift */ = {isa = PBXFileReference; lastKnownFileType = sourcecode.swift; path = KeyboardLayout.swift; sourceTree = "<group>"; };
		67B50E28AEB4CF9B5FFC80AE /* idiomsdict_usage_note.txt */ = {isa = PBXFileReference; lastKnownFileType = text; path = idiomsdict_usage_note.txt; sourceTree = "<group>"; };
		6A1613B5168B215B9F510502 /* CandidateCommandReducerTests.swift */ = {isa = PBXFileReference; lastKnownFileType = sourcecode.swift; path = CandidateCommandReducerTests.swift; sourceTree = "<group>"; };
		6B19ADC9CB48766F2114ADEA /* UserLearningService.swift */ = {isa = PBXFileReference; lastKnownFileType = sourcecode.swift; path = UserLearningService.swift; sourceTree = "<group>"; };
		6B33CE5FC1C0E74BBF4DB33B /* UserLearningStoreTests.swift */ = {isa = PBXFileReference; lastKnownFileType = sourcecode.swift; path = UserLearningStoreTests.swift; sourceTree = "<group>"; };
		6D0250DE229CC5F807BD93B0 /* JiukongZhuyin.icns */ = {isa = PBXFileReference; lastKnownFileType = image.icns; path = JiukongZhuyin.icns; sourceTree = "<group>"; };
		6DB5DBC5A6EA2F9E9E2D60F0 /* InputMethodBundleMetadataTests.swift */ = {isa = PBXFileReference; lastKnownFileType = sourcecode.swift; path = InputMethodBundleMetadataTests.swift; sourceTree = "<group>"; };
		6DEFFED8D40A4E667A816905 /* InputMethodConfiguration.swift */ = {isa = PBXFileReference; lastKnownFileType = sourcecode.swift; path = InputMethodConfiguration.swift; sourceTree = "<group>"; };
		6EAC6E2E779D03B2EA7598C3 /* CandidateWindowGeometryTests.swift */ = {isa = PBXFileReference; lastKnownFileType = sourcecode.swift; path = CandidateWindowGeometryTests.swift; sourceTree = "<group>"; };
		70D376021A1A6CCEAC09536F /* JiukongDebugLog.swift */ = {isa = PBXFileReference; lastKnownFileType = sourcecode.swift; path = JiukongDebugLog.swift; sourceTree = "<group>"; };
		715321CFA6F26EE6DA16640F /* Jiukong Dictionary Builder */ = {isa = PBXFileReference; includeInIndex = 0; path = "Jiukong Dictionary Builder"; sourceTree = BUILT_PRODUCTS_DIR; };
		75066D454F50C29C343823FA /* CandidateRankerTests.swift */ = {isa = PBXFileReference; lastKnownFileType = sourcecode.swift; path = CandidateRankerTests.swift; sourceTree = "<group>"; };
		7585ED007DF726DC32E2962F /* InputSourceRegistrar.swift */ = {isa = PBXFileReference; lastKnownFileType = sourcecode.swift; path = InputSourceRegistrar.swift; sourceTree = "<group>"; };
		7895A9545C5B00692874ED5E /* CharacterDictionaryTests.swift */ = {isa = PBXFileReference; lastKnownFileType = sourcecode.swift; path = CharacterDictionaryTests.swift; sourceTree = "<group>"; };
		7B186CA5B924FBF653433399 /* UserDataClearingTests.swift */ = {isa = PBXFileReference; lastKnownFileType = sourcecode.swift; path = UserDataClearingTests.swift; sourceTree = "<group>"; };
		7D12FCF239B86FEA58145D48 /* CursorIndicatorSettings.swift */ = {isa = PBXFileReference; lastKnownFileType = sourcecode.swift; path = CursorIndicatorSettings.swift; sourceTree = "<group>"; };
		8310435AE00955EBEFC673B6 /* CandidateSession.swift */ = {isa = PBXFileReference; lastKnownFileType = sourcecode.swift; path = CandidateSession.swift; sourceTree = "<group>"; };
		864E157C1B491375C06D884F /* ZhuyinKeyboardArrangement.swift */ = {isa = PBXFileReference; lastKnownFileType = sourcecode.swift; path = ZhuyinKeyboardArrangement.swift; sourceTree = "<group>"; };
		8896906B6EED89C1949CC6BF /* Candidate.swift */ = {isa = PBXFileReference; lastKnownFileType = sourcecode.swift; path = Candidate.swift; sourceTree = "<group>"; };
		89A231FF829D0C1175F3EBAE /* JiukongEnglishAColor.tiff */ = {isa = PBXFileReference; lastKnownFileType = image.tiff; path = JiukongEnglishAColor.tiff; sourceTree = "<group>"; };
		8B7F381FE59E194327DB4A8C /* UserPhraseRecordTests.swift */ = {isa = PBXFileReference; lastKnownFileType = sourcecode.swift; path = UserPhraseRecordTests.swift; sourceTree = "<group>"; };
		8DE283EC54CA1DA251A3E416 /* CharacterLearningRecord.swift */ = {isa = PBXFileReference; lastKnownFileType = sourcecode.swift; path = CharacterLearningRecord.swift; sourceTree = "<group>"; };
		8E8A97993E9F64F784A88C56 /* SettingsPaneBuilder.swift */ = {isa = PBXFileReference; lastKnownFileType = sourcecode.swift; path = SettingsPaneBuilder.swift; sourceTree = "<group>"; };
		910ED64345E6E1246CF21D8D /* UserPhraseStoreTests.swift */ = {isa = PBXFileReference; lastKnownFileType = sourcecode.swift; path = UserPhraseStoreTests.swift; sourceTree = "<group>"; };
		9220050C684AE486133EF673 /* LanguageModeHUD.swift */ = {isa = PBXFileReference; lastKnownFileType = sourcecode.swift; path = LanguageModeHUD.swift; sourceTree = "<group>"; };
		9554CAC0E5E9F4B0AB9592A4 /* CharacterDictionary.swift */ = {isa = PBXFileReference; lastKnownFileType = sourcecode.swift; path = CharacterDictionary.swift; sourceTree = "<group>"; };
		9690E76FF37E2DCB587DAC99 /* CandidateInputSourcePolicy.swift */ = {isa = PBXFileReference; lastKnownFileType = sourcecode.swift; path = CandidateInputSourcePolicy.swift; sourceTree = "<group>"; };
		9A684017D608CC4FA5BF19D4 /* CharacterCandidateProviderTests.swift */ = {isa = PBXFileReference; lastKnownFileType = sourcecode.swift; path = CharacterCandidateProviderTests.swift; sourceTree = "<group>"; };
		9DB37C26BAC573ED8275147C /* Preferences.swift */ = {isa = PBXFileReference; lastKnownFileType = sourcecode.swift; path = Preferences.swift; sourceTree = "<group>"; };
		9FE8FC4D53161F2C3FC97182 /* CandidateRanker.swift */ = {isa = PBXFileReference; lastKnownFileType = sourcecode.swift; path = CandidateRanker.swift; sourceTree = "<group>"; };
		A096BED47B33FD3425B6DF35 /* Jiukong Zhuyin.app */ = {isa = PBXFileReference; explicitFileType = wrapper.application; includeInIndex = 0; path = "Jiukong Zhuyin.app"; sourceTree = BUILT_PRODUCTS_DIR; };
		A34FE8366ECC04BA9E927190 /* CharacterCandidateProvider.swift */ = {isa = PBXFileReference; lastKnownFileType = sourcecode.swift; path = CharacterCandidateProvider.swift; sourceTree = "<group>"; };
		A66A01410C21B39C42BD6E35 /* CompositionSelectionCommandRouter.swift */ = {isa = PBXFileReference; lastKnownFileType = sourcecode.swift; path = CompositionSelectionCommandRouter.swift; sourceTree = "<group>"; };
		AB7307E6AF04437571E89464 /* CandidateSessionTests.swift */ = {isa = PBXFileReference; lastKnownFileType = sourcecode.swift; path = CandidateSessionTests.swift; sourceTree = "<group>"; };
		ADA9A220B1F956AABB6E5674 /* InfoPlist.strings */ = {isa = PBXFileReference; lastKnownFileType = text.plist.strings; path = InfoPlist.strings; sourceTree = "<group>"; };
		AF11A4B9A4441015056013E9 /* SQLiteDatabase.swift */ = {isa = PBXFileReference; lastKnownFileType = sourcecode.swift; path = SQLiteDatabase.swift; sourceTree = "<group>"; };
		AF4EAFAF400FF306E24BD9EE /* PreferencesStore.swift */ = {isa = PBXFileReference; lastKnownFileType = sourcecode.swift; path = PreferencesStore.swift; sourceTree = "<group>"; };
		B14C51C5EA239A803E995F77 /* CompositionPresentationTests.swift */ = {isa = PBXFileReference; lastKnownFileType = sourcecode.swift; path = CompositionPresentationTests.swift; sourceTree = "<group>"; };
		B65E2ED9B9B0619D268501FA /* CloudUserDataModels.swift */ = {isa = PBXFileReference; lastKnownFileType = sourcecode.swift; path = CloudUserDataModels.swift; sourceTree = "<group>"; };
		BA10CF0D1E479C8C3619A5A0 /* InputMethodKit.framework */ = {isa = PBXFileReference; lastKnownFileType = wrapper.framework; name = InputMethodKit.framework; path = System/Library/Frameworks/InputMethodKit.framework; sourceTree = SDKROOT; };
		BFC1F18DAE2728F800E9A04A /* InputMethodConfigurationTests.swift */ = {isa = PBXFileReference; lastKnownFileType = sourcecode.swift; path = InputMethodConfigurationTests.swift; sourceTree = "<group>"; };
		BFF5D0B1D084CF9D4932B4A8 /* BopomofoComponent.swift */ = {isa = PBXFileReference; lastKnownFileType = sourcecode.swift; path = BopomofoComponent.swift; sourceTree = "<group>"; };
		C0B8DDB6D74CA6EAD87FDDCF /* UserPhraseRecord.swift */ = {isa = PBXFileReference; lastKnownFileType = sourcecode.swift; path = UserPhraseRecord.swift; sourceTree = "<group>"; };
		C138C15B074BE10308B20A49 /* AppKit.framework */ = {isa = PBXFileReference; lastKnownFileType = wrapper.framework; name = AppKit.framework; path = System/Library/Frameworks/AppKit.framework; sourceTree = SDKROOT; };
		C26E20F48A99B95459A0E4A7 /* BopomofoParserTests.swift */ = {isa = PBXFileReference; lastKnownFileType = sourcecode.swift; path = BopomofoParserTests.swift; sourceTree = "<group>"; };
		C30667214FEE41C9496CF28D /* main.swift */ = {isa = PBXFileReference; lastKnownFileType = sourcecode.swift; path = main.swift; sourceTree = "<group>"; };
		C31EF19D1B271390577AA04E /* CandidateInputSourcePolicyTests.swift */ = {isa = PBXFileReference; lastKnownFileType = sourcecode.swift; path = CandidateInputSourcePolicyTests.swift; sourceTree = "<group>"; };
		C4AF04406192C10379BCF682 /* UserDataListController.swift */ = {isa = PBXFileReference; lastKnownFileType = sourcecode.swift; path = UserDataListController.swift; sourceTree = "<group>"; };
		C5F39349259F1AB560B2117D /* SettingsWindowController.swift */ = {isa = PBXFileReference; lastKnownFileType = sourcecode.swift; path = SettingsWindowController.swift; sourceTree = "<group>"; };
		CA9661CC7784B8CDF66544CA /* CursorIndicatorAppearance.swift */ = {isa = PBXFileReference; lastKnownFileType = sourcecode.swift; path = CursorIndicatorAppearance.swift; sourceTree = "<group>"; };
		D01F60E94243161D89FAC2DA /* libsqlite3.tbd */ = {isa = PBXFileReference; lastKnownFileType = "sourcecode.text-based-dylib-definition"; name = libsqlite3.tbd; path = usr/lib/libsqlite3.tbd; sourceTree = SDKROOT; };
		D254359DA2CC8A28A1C9A40D /* CandidateWindowPresenter.swift */ = {isa = PBXFileReference; lastKnownFileType = sourcecode.swift; path = CandidateWindowPresenter.swift; sourceTree = "<group>"; };
		D46E8F8417254BFC17D893EF /* CursorIndicatorController.swift */ = {isa = PBXFileReference; lastKnownFileType = sourcecode.swift; path = CursorIndicatorController.swift; sourceTree = "<group>"; };
		D54FE3D81889F06781B4BBD5 /* CNS11643ParserTests.swift */ = {isa = PBXFileReference; lastKnownFileType = sourcecode.swift; path = CNS11643ParserTests.swift; sourceTree = "<group>"; };
		DB6A7847C769C7EBFA02807B /* UserLearningServiceTests.swift */ = {isa = PBXFileReference; lastKnownFileType = sourcecode.swift; path = UserLearningServiceTests.swift; sourceTree = "<group>"; };
		DB6C4C3C3D9C5AF38A048092 /* CNS11643_NOTICE.txt */ = {isa = PBXFileReference; lastKnownFileType = text; path = CNS11643_NOTICE.txt; sourceTree = "<group>"; };
		DB8DC81AD20B395557D783DA /* DictionaryDatabaseBuilder.swift */ = {isa = PBXFileReference; lastKnownFileType = sourcecode.swift; path = DictionaryDatabaseBuilder.swift; sourceTree = "<group>"; };
		DC6DA06683B57D7A7EE892B0 /* JiukongZhuyin.sqlite3 */ = {isa = PBXFileReference; path = JiukongZhuyin.sqlite3; sourceTree = "<group>"; };
		DCE4D0FD6DBF128C8A6E0E95 /* CNS11643Parser.swift */ = {isa = PBXFileReference; lastKnownFileType = sourcecode.swift; path = CNS11643Parser.swift; sourceTree = "<group>"; };
		DCFB253696548963758C54D3 /* LanguageMode.swift */ = {isa = PBXFileReference; lastKnownFileType = sourcecode.swift; path = LanguageMode.swift; sourceTree = "<group>"; };
		DE945FBF3665CB323C8AADFD /* CursorIndicatorSettingsController.swift */ = {isa = PBXFileReference; lastKnownFileType = sourcecode.swift; path = CursorIndicatorSettingsController.swift; sourceTree = "<group>"; };
		E0205FBBB5182BEB7E74D732 /* CompositionBufferTests.swift */ = {isa = PBXFileReference; lastKnownFileType = sourcecode.swift; path = CompositionBufferTests.swift; sourceTree = "<group>"; };
		E50D6DFC84E6B94322309AF5 /* CloudUserDataModelsTests.swift */ = {isa = PBXFileReference; lastKnownFileType = sourcecode.swift; path = CloudUserDataModelsTests.swift; sourceTree = "<group>"; };
		E7EC61447034D1CD5F119ABE /* StandardZhuyinLayoutTests.swift */ = {isa = PBXFileReference; lastKnownFileType = sourcecode.swift; path = StandardZhuyinLayoutTests.swift; sourceTree = "<group>"; };
		E8118F46308D10E62E4662D8 /* CompositionPresentation.swift */ = {isa = PBXFileReference; lastKnownFileType = sourcecode.swift; path = CompositionPresentation.swift; sourceTree = "<group>"; };
		E94452FDF698E1AC4A512804 /* UserDataArchiveTests.swift */ = {isa = PBXFileReference; lastKnownFileType = sourcecode.swift; path = UserDataArchiveTests.swift; sourceTree = "<group>"; };
		E9502DD5E44CA13CFA608D85 /* CNS11643Manifest.swift */ = {isa = PBXFileReference; lastKnownFileType = sourcecode.swift; path = CNS11643Manifest.swift; sourceTree = "<group>"; };
		EB4D535108960D889DB284FB /* PreferencesControllerTests.swift */ = {isa = PBXFileReference; lastKnownFileType = sourcecode.swift; path = PreferencesControllerTests.swift; sourceTree = "<group>"; };
		EC0DE456E2A3AFF5C99A6F1F /* UserLearningStore.swift */ = {isa = PBXFileReference; lastKnownFileType = sourcecode.swift; path = UserLearningStore.swift; sourceTree = "<group>"; };
		F06288DBCB2526374D286134 /* CandidateWindowGeometry.swift */ = {isa = PBXFileReference; lastKnownFileType = sourcecode.swift; path = CandidateWindowGeometry.swift; sourceTree = "<group>"; };
		F49A4DBEBAB69CA4ECB7C6BB /* MacVirtualKeyResolver.swift */ = {isa = PBXFileReference; lastKnownFileType = sourcecode.swift; path = MacVirtualKeyResolver.swift; sourceTree = "<group>"; };
		F621FE5FB032FDAD27EBC2B0 /* CompositionPunctuationTests.swift */ = {isa = PBXFileReference; lastKnownFileType = sourcecode.swift; path = CompositionPunctuationTests.swift; sourceTree = "<group>"; };
		FD336BCDD6182DF9BD10D940 /* PreferencesController.swift */ = {isa = PBXFileReference; lastKnownFileType = sourcecode.swift; path = PreferencesController.swift; sourceTree = "<group>"; };
		FE159E9B3BB3BB68574482C8 /* UserDataArchive.swift */ = {isa = PBXFileReference; lastKnownFileType = sourcecode.swift; path = UserDataArchive.swift; sourceTree = "<group>"; };
		FF54C97D4D0041E4DF9AF644 /* Jiukong Zhuyin Tests.xctest */ = {isa = PBXFileReference; explicitFileType = wrapper.cfbundle; includeInIndex = 0; path = "Jiukong Zhuyin Tests.xctest"; sourceTree = BUILT_PRODUCTS_DIR; };
/* End PBXFileReference section */

/* Begin PBXFrameworksBuildPhase section */
		3130BC9DBED3F6E2E2A29F3B /* Frameworks */ = {
			isa = PBXFrameworksBuildPhase;
			buildActionMask = 2147483647;
			files = (
				A8D5A9719E6F91407BCE6469 /* libsqlite3.tbd in Frameworks */,
			);
			runOnlyForDeploymentPostprocessing = 0;
		};
		3DD7639DC087E27E3B8C90F8 /* Frameworks */ = {
			isa = PBXFrameworksBuildPhase;
			buildActionMask = 2147483647;
			files = (
				BC4A030EDCA83C5B11D3A154 /* AppKit.framework in Frameworks */,
				FA5D4798C7B7AFA33E123E22 /* Carbon.framework in Frameworks */,
				A431CA677C91ADEB6DB757DB /* CloudKit.framework in Frameworks */,
				DAB7E6162D556C7F816BEB2F /* CryptoKit.framework in Frameworks */,
				1FDF4D3E9FBF8FD143F2AA53 /* Security.framework in Frameworks */,
				0F5E16968C0BBE31F6884C59 /* libsqlite3.tbd in Frameworks */,
			);
			runOnlyForDeploymentPostprocessing = 0;
		};
		557F606ED4DB8C566E6AF95B /* Frameworks */ = {
			isa = PBXFrameworksBuildPhase;
			buildActionMask = 2147483647;
			files = (
				B8A44384A0D54EAFCDDAF471 /* AppKit.framework in Frameworks */,
				06D29E90ABC8C6BCE74BE0E8 /* Carbon.framework in Frameworks */,
				844532DE7B7F37E1857AD534 /* CloudKit.framework in Frameworks */,
				F154953E8795E872037E4B08 /* CryptoKit.framework in Frameworks */,
				FB6FDDEA301CFF20A86C2D5C /* InputMethodKit.framework in Frameworks */,
				E59BB2EACE8615C94B5986A1 /* Security.framework in Frameworks */,
				C246AB747EDFD6E92B592CF2 /* libsqlite3.tbd in Frameworks */,
			);
			runOnlyForDeploymentPostprocessing = 0;
		};
		A5386410F462DC8A999CA022 /* Frameworks */ = {
			isa = PBXFrameworksBuildPhase;
			buildActionMask = 2147483647;
			files = (
				B1D7C34297C2E2B4608380FF /* AppKit.framework in Frameworks */,
				7692788946787A42FBFD1C1D /* ApplicationServices.framework in Frameworks */,
				13690FD1D6254FFFE84EE809 /* Carbon.framework in Frameworks */,
			);
			runOnlyForDeploymentPostprocessing = 0;
		};
/* End PBXFrameworksBuildPhase section */

/* Begin PBXGroup section */
		084A048433899D60D8FF97E5 /* InputMethodTests */ = {
			isa = PBXGroup;
			children = (
				6DB5DBC5A6EA2F9E9E2D60F0 /* InputMethodBundleMetadataTests.swift */,
				BFC1F18DAE2728F800E9A04A /* InputMethodConfigurationTests.swift */,
			);
			path = InputMethodTests;
			sourceTree = "<group>";
		};
		0B500E0A374DF983D0C26515 /* Language */ = {
			isa = PBXGroup;
			children = (
				DCFB253696548963758C54D3 /* LanguageMode.swift */,
				9220050C684AE486133EF673 /* LanguageModeHUD.swift */,
				57E03D98756138B225E54A9B /* ShiftToggleController.swift */,
			);
			path = Language;
			sourceTree = "<group>";
		};
		229B333E6DB75ED06DF4F338 /* Learning */ = {
			isa = PBXGroup;
			children = (
				8DE283EC54CA1DA251A3E416 /* CharacterLearningRecord.swift */,
				5DD93628A9B830AEF60D269E /* CloudKitUserDataTransport.swift */,
				0B2D193AE0A0EB6D678E9964 /* CloudSyncStateStore.swift */,
				B65E2ED9B9B0619D268501FA /* CloudUserDataModels.swift */,
				5E02E22713564B559C471CEE /* ProcessEntitlements.swift */,
				FE159E9B3BB3BB68574482C8 /* UserDataArchive.swift */,
				443AFD224DBEF6F890A10793 /* UserDataCloudSyncCoordinator.swift */,
				1341D26D7D00ADF00B3355C1 /* UserDataLocation.swift */,
				6B19ADC9CB48766F2114ADEA /* UserLearningService.swift */,
				EC0DE456E2A3AFF5C99A6F1F /* UserLearningStore.swift */,
				C0B8DDB6D74CA6EAD87FDDCF /* UserPhraseRecord.swift */,
			);
			path = Learning;
			sourceTree = "<group>";
		};
		291540DD7C2E9E1EF0F44F5F /* CompositionTests */ = {
			isa = PBXGroup;
			children = (
				5D23CD3BA494977E33B8494E /* BopomofoInputSessionTests.swift */,
				E0205FBBB5182BEB7E74D732 /* CompositionBufferTests.swift */,
				B14C51C5EA239A803E995F77 /* CompositionPresentationTests.swift */,
				F621FE5FB032FDAD27EBC2B0 /* CompositionPunctuationTests.swift */,
				342935799C98E9EB5584AF78 /* CompositionSelectionCommandRouterTests.swift */,
			);
			path = CompositionTests;
			sourceTree = "<group>";
		};
		30EA4653BE43CC46CCCD9EF7 /* Tools */ = {
			isa = PBXGroup;
			children = (
				CEF87DAD0EA65CBC10376395 /* AcceptanceHarness */,
				5B9349B530B651097A0936EE /* DictionaryBuilder */,
			);
			path = Tools;
			sourceTree = "<group>";
		};
		32605061876F4DEB36D9D8D0 /* Assets */ = {
			isa = PBXGroup;
			children = (
				4A9DDAA5512C0469CF228A95 /* JiukongChineseColor.tiff */,
				89A231FF829D0C1175F3EBAE /* JiukongEnglishAColor.tiff */,
				6D0250DE229CC5F807BD93B0 /* JiukongZhuyin.icns */,
				4C5469DB3F703E5F890E2447 /* JiukongZhuyin.tiff */,
			);
			path = Assets;
			sourceTree = "<group>";
		};
		3DAD93E3A197630F86AB6EF8 /* Products */ = {
			isa = PBXGroup;
			children = (
				03372E98F4DBBEF1F851A3BF /* Jiukong Acceptance Harness */,
				715321CFA6F26EE6DA16640F /* Jiukong Dictionary Builder */,
				FF54C97D4D0041E4DF9AF644 /* Jiukong Zhuyin Tests.xctest */,
				A096BED47B33FD3425B6DF35 /* Jiukong Zhuyin.app */,
			);
			name = Products;
			sourceTree = "<group>";
		};
		4A282C178FA2FB5FA3DC4F23 /* zh-Hant.lproj */ = {
			isa = PBXGroup;
			children = (
				526E719C0F15F1EBD7F97B60 /* InfoPlist.strings */,
			);
			path = "zh-Hant.lproj";
			sourceTree = "<group>";
		};
		5473FDC4769107B1D825A14B /* MOERevisedDictionary */ = {
			isa = PBXGroup;
			children = (
				52585F1659FDE1B503AF4C48 /* reviseddict_usage_note.txt */,
			);
			path = MOERevisedDictionary;
			sourceTree = "<group>";
		};
		55D40D202CABE788FAD58ABD /* LanguageTests */ = {
			isa = PBXGroup;
			children = (
				15074F31AE6BAC12F61FA8C2 /* ShiftToggleControllerTests.swift */,
			);
			path = LanguageTests;
			sourceTree = "<group>";
		};
		5B9349B530B651097A0936EE /* DictionaryBuilder */ = {
			isa = PBXGroup;
			children = (
				E9502DD5E44CA13CFA608D85 /* CNS11643Manifest.swift */,
				DCE4D0FD6DBF128C8A6E0E95 /* CNS11643Parser.swift */,
				DB8DC81AD20B395557D783DA /* DictionaryDatabaseBuilder.swift */,
				32EFC11EAB2C94A893A2CB57 /* main.swift */,
			);
			path = DictionaryBuilder;
			sourceTree = "<group>";
		};
		64D21D615D606C1C4AF69116 /* LearningTests */ = {
			isa = PBXGroup;
			children = (
				E50D6DFC84E6B94322309AF5 /* CloudUserDataModelsTests.swift */,
				E94452FDF698E1AC4A512804 /* UserDataArchiveTests.swift */,
				7B186CA5B924FBF653433399 /* UserDataClearingTests.swift */,
				279222F74CF4F2ECF3B1FB0C /* UserDataCloudSyncCoordinatorTests.swift */,
				390A747ED6D62564F6523EAB /* UserDataLocationTests.swift */,
				41AD9FD532E11E8C8224086E /* UserDataManagementTests.swift */,
				DB6A7847C769C7EBFA02807B /* UserLearningServiceTests.swift */,
				6B33CE5FC1C0E74BBF4DB33B /* UserLearningStoreTests.swift */,
				8B7F381FE59E194327DB4A8C /* UserPhraseRecordTests.swift */,
				910ED64345E6E1246CF21D8D /* UserPhraseStoreTests.swift */,
			);
			path = LearningTests;
			sourceTree = "<group>";
		};
		67AC7BA3585C0EC533DDC913 /* Dictionary */ = {
			isa = PBXGroup;
			children = (
				9554CAC0E5E9F4B0AB9592A4 /* CharacterDictionary.swift */,
				AF11A4B9A4441015056013E9 /* SQLiteDatabase.swift */,
			);
			path = Dictionary;
			sourceTree = "<group>";
		};
		70EEBD30CEEE808799D5331A /* CandidateTests */ = {
			isa = PBXGroup;
			children = (
				6A1613B5168B215B9F510502 /* CandidateCommandReducerTests.swift */,
				5B1F700E2EDCFBED4603FCD0 /* CandidateCommandRouterTests.swift */,
				C31EF19D1B271390577AA04E /* CandidateInputSourcePolicyTests.swift */,
				75066D454F50C29C343823FA /* CandidateRankerTests.swift */,
				AB7307E6AF04437571E89464 /* CandidateSessionTests.swift */,
				6EAC6E2E779D03B2EA7598C3 /* CandidateWindowGeometryTests.swift */,
				9A684017D608CC4FA5BF19D4 /* CharacterCandidateProviderTests.swift */,
			);
			path = CandidateTests;
			sourceTree = "<group>";
		};
		75006A0ECB45636B9FC6E876 /* Composition */ = {
			isa = PBXGroup;
			children = (
				419FC6A3D62C119C46323262 /* BopomofoInputSession.swift */,
				4E4B61BA9443C8DBB358D1B4 /* CompositionBuffer.swift */,
				E8118F46308D10E62E4662D8 /* CompositionPresentation.swift */,
				A66A01410C21B39C42BD6E35 /* CompositionSelectionCommandRouter.swift */,
			);
			path = Composition;
			sourceTree = "<group>";
		};
		750E134D708510E9F9EED891 /* Candidates */ = {
			isa = PBXGroup;
			children = (
				8896906B6EED89C1949CC6BF /* Candidate.swift */,
				3A545CAC8F4BD34F6A5E08F3 /* CandidateCommandReducer.swift */,
				2F5407D4BBBCF115C2FE4D7C /* CandidateCommandRouter.swift */,
				9690E76FF37E2DCB587DAC99 /* CandidateInputSourcePolicy.swift */,
				9FE8FC4D53161F2C3FC97182 /* CandidateRanker.swift */,
				8310435AE00955EBEFC673B6 /* CandidateSession.swift */,
				F06288DBCB2526374D286134 /* CandidateWindowGeometry.swift */,
				D254359DA2CC8A28A1C9A40D /* CandidateWindowPresenter.swift */,
				A34FE8366ECC04BA9E927190 /* CharacterCandidateProvider.swift */,
			);
			path = Candidates;
			sourceTree = "<group>";
		};
		805119F1E8539EC923FF4B27 /* Sources */ = {
			isa = PBXGroup;
			children = (
				DC8BDB828B50A6763BAB04C5 /* Bopomofo */,
				750E134D708510E9F9EED891 /* Candidates */,
				75006A0ECB45636B9FC6E876 /* Composition */,
				67AC7BA3585C0EC533DDC913 /* Dictionary */,
				C6989816110D886AF9F04539 /* InputMethod */,
				D7B63D46855E6483151E6490 /* Keyboard */,
				0B500E0A374DF983D0C26515 /* Language */,
				229B333E6DB75ED06DF4F338 /* Learning */,
				EC04D45CF652DBFE5A2BEC30 /* Overlay */,
				D9D556EB2B63002D94EA2206 /* Preferences */,
				AF2F2D4D4FD3C5E5AF2F0831 /* Settings */,
			);
			path = Sources;
			sourceTree = "<group>";
		};
		9F9791A897A9386D24C2236A /* OverlayTests */ = {
			isa = PBXGroup;
			children = (
				2E6CBF81B08691090230C695 /* CursorIndicatorAppearanceTests.swift */,
				4497D9BCA68975759C628228 /* CursorIndicatorGeometryTests.swift */,
			);
			path = OverlayTests;
			sourceTree = "<group>";
		};
		A4E84192F9BFDE285EA4E7FE /* BopomofoTests */ = {
			isa = PBXGroup;
			children = (
				C26E20F48A99B95459A0E4A7 /* BopomofoParserTests.swift */,
				3C33B04771685814347CC1EF /* BopomofoSyllableTests.swift */,
			);
			path = BopomofoTests;
			sourceTree = "<group>";
		};
		AEAEB53BA25CA38DB9213D88 /* Resources */ = {
			isa = PBXGroup;
			children = (
				32605061876F4DEB36D9D8D0 /* Assets */,
				EB93D09659C26B68355F1148 /* Dictionary */,
				CAAC06C334BCAC5C0F89DABE /* en.lproj */,
				4A282C178FA2FB5FA3DC4F23 /* zh-Hant.lproj */,
			);
			path = Resources;
			sourceTree = "<group>";
		};
		AF2F2D4D4FD3C5E5AF2F0831 /* Settings */ = {
			isa = PBXGroup;
			children = (
				DE945FBF3665CB323C8AADFD /* CursorIndicatorSettingsController.swift */,
				8E8A97993E9F64F784A88C56 /* SettingsPaneBuilder.swift */,
				C5F39349259F1AB560B2117D /* SettingsWindowController.swift */,
				C4AF04406192C10379BCF682 /* UserDataListController.swift */,
			);
			path = Settings;
			sourceTree = "<group>";
		};
		B09062B6A4360112D2A625BE /* PreferencesTests */ = {
			isa = PBXGroup;
			children = (
				EB4D535108960D889DB284FB /* PreferencesControllerTests.swift */,
				03517B2F1F6C10948547B0A2 /* PreferencesStoreTests.swift */,
				119722559BC5DEFC2BB0D86C /* PreferencesTests.swift */,
			);
			path = PreferencesTests;
			sourceTree = "<group>";
		};
		BB1DDC53E12EF783886019DD /* MOEIdioms */ = {
			isa = PBXGroup;
			children = (
				67B50E28AEB4CF9B5FFC80AE /* idiomsdict_usage_note.txt */,
			);
			path = MOEIdioms;
			sourceTree = "<group>";
		};
		C6989816110D886AF9F04539 /* InputMethod */ = {
			isa = PBXGroup;
			children = (
				0748FDE71A052EB86AE9FC0B /* InputController.swift */,
				6DEFFED8D40A4E667A816905 /* InputMethodConfiguration.swift */,
				7585ED007DF726DC32E2962F /* InputSourceRegistrar.swift */,
				C30667214FEE41C9496CF28D /* main.swift */,
				18908D66BF59A103E6375944 /* SystemInputSourceObserver.swift */,
			);
			path = InputMethod;
			sourceTree = "<group>";
		};
		CAA30752E64D89756E528CD2 /* Data */ = {
			isa = PBXGroup;
			children = (
				BB1DDC53E12EF783886019DD /* MOEIdioms */,
				5473FDC4769107B1D825A14B /* MOERevisedDictionary */,
			);
			path = Data;
			sourceTree = "<group>";
		};
		CAAC06C334BCAC5C0F89DABE /* en.lproj */ = {
			isa = PBXGroup;
			children = (
				ADA9A220B1F956AABB6E5674 /* InfoPlist.strings */,
			);
			path = en.lproj;
			sourceTree = "<group>";
		};
		CC27FFCA30187E9009763113 /* Tests */ = {
			isa = PBXGroup;
			children = (
				A4E84192F9BFDE285EA4E7FE /* BopomofoTests */,
				70EEBD30CEEE808799D5331A /* CandidateTests */,
				291540DD7C2E9E1EF0F44F5F /* CompositionTests */,
				E31B9F3E3C0760E3EFD34237 /* DictionaryTests */,
				084A048433899D60D8FF97E5 /* InputMethodTests */,
				F157BC4DB305679070228F51 /* KeyboardTests */,
				55D40D202CABE788FAD58ABD /* LanguageTests */,
				64D21D615D606C1C4AF69116 /* LearningTests */,
				9F9791A897A9386D24C2236A /* OverlayTests */,
				B09062B6A4360112D2A625BE /* PreferencesTests */,
			);
			path = Tests;
			sourceTree = "<group>";
		};
		CEF87DAD0EA65CBC10376395 /* AcceptanceHarness */ = {
			isa = PBXGroup;
			children = (
				2EE5DFE6245A13D720524505 /* main.swift */,
			);
			path = AcceptanceHarness;
			sourceTree = "<group>";
		};
		D2FF5CAA2635C6E1EE58A6DE /* Frameworks */ = {
			isa = PBXGroup;
			children = (
				C138C15B074BE10308B20A49 /* AppKit.framework */,
				4C89DF611021C67F5A4EE86B /* ApplicationServices.framework */,
				587C51C5637FCED202A4E35B /* Carbon.framework */,
				18AC85D7F620408F5BBAE571 /* CloudKit.framework */,
				1E38BA26E2A742FE938ED829 /* CryptoKit.framework */,
				BA10CF0D1E479C8C3619A5A0 /* InputMethodKit.framework */,
				D01F60E94243161D89FAC2DA /* libsqlite3.tbd */,
				3956B2AE2EBC770F628C9DB3 /* Security.framework */,
			);
			name = Frameworks;
			sourceTree = "<group>";
		};
		D7B63D46855E6483151E6490 /* Keyboard */ = {
			isa = PBXGroup;
			children = (
				107AA4C2629FAE0343555A77 /* KeyboardKey.swift */,
				66E74D5C9092354C9CF3EA41 /* KeyboardLayout.swift */,
				F49A4DBEBAB69CA4ECB7C6BB /* MacVirtualKeyResolver.swift */,
				590627441D682121FCF1B0A1 /* PunctuationLayout.swift */,
				64635B11159AA169ED0D0E12 /* StandardZhuyinLayout.swift */,
				864E157C1B491375C06D884F /* ZhuyinKeyboardArrangement.swift */,
			);
			path = Keyboard;
			sourceTree = "<group>";
		};
		D9D556EB2B63002D94EA2206 /* Preferences */ = {
			isa = PBXGroup;
			children = (
				9DB37C26BAC573ED8275147C /* Preferences.swift */,
				FD336BCDD6182DF9BD10D940 /* PreferencesController.swift */,
				AF4EAFAF400FF306E24BD9EE /* PreferencesStore.swift */,
			);
			path = Preferences;
			sourceTree = "<group>";
		};
		DC8BDB828B50A6763BAB04C5 /* Bopomofo */ = {
			isa = PBXGroup;
			children = (
				BFF5D0B1D084CF9D4932B4A8 /* BopomofoComponent.swift */,
				2A6ADDDB3A71F14605377937 /* BopomofoParser.swift */,
				2F47A2FE1EDD014C1ED067B9 /* BopomofoSyllable.swift */,
			);
			path = Bopomofo;
			sourceTree = "<group>";
		};
		E31B9F3E3C0760E3EFD34237 /* DictionaryTests */ = {
			isa = PBXGroup;
			children = (
				7895A9545C5B00692874ED5E /* CharacterDictionaryTests.swift */,
				D54FE3D81889F06781B4BBD5 /* CNS11643ParserTests.swift */,
			);
			path = DictionaryTests;
			sourceTree = "<group>";
		};
		EB93D09659C26B68355F1148 /* Dictionary */ = {
			isa = PBXGroup;
			children = (
				DB6C4C3C3D9C5AF38A048092 /* CNS11643_NOTICE.txt */,
				DC6DA06683B57D7A7EE892B0 /* JiukongZhuyin.sqlite3 */,
			);
			path = Dictionary;
			sourceTree = "<group>";
		};
		EC04D45CF652DBFE5A2BEC30 /* Overlay */ = {
			isa = PBXGroup;
			children = (
				CA9661CC7784B8CDF66544CA /* CursorIndicatorAppearance.swift */,
				D46E8F8417254BFC17D893EF /* CursorIndicatorController.swift */,
				7D12FCF239B86FEA58145D48 /* CursorIndicatorSettings.swift */,
				70D376021A1A6CCEAC09536F /* JiukongDebugLog.swift */,
			);
			path = Overlay;
			sourceTree = "<group>";
		};
		F157BC4DB305679070228F51 /* KeyboardTests */ = {
			isa = PBXGroup;
			children = (
				516A63A789EAA07A71EA98FB /* PunctuationLayoutTests.swift */,
				E7EC61447034D1CD5F119ABE /* StandardZhuyinLayoutTests.swift */,
				5E22AD0F0E53E2614E50243E /* ZhuyinKeyboardArrangementTests.swift */,
			);
			path = KeyboardTests;
			sourceTree = "<group>";
		};
		FBF4B12D57E5448B2A7FF29A = {
			isa = PBXGroup;
			children = (
				3949A14825AABD914BE95424 /* LICENSE */,
				59BCBE810448594E2AA57ED1 /* THIRD_PARTY_NOTICES.md */,
				CAA30752E64D89756E528CD2 /* Data */,
				AEAEB53BA25CA38DB9213D88 /* Resources */,
				805119F1E8539EC923FF4B27 /* Sources */,
				CC27FFCA30187E9009763113 /* Tests */,
				30EA4653BE43CC46CCCD9EF7 /* Tools */,
				D2FF5CAA2635C6E1EE58A6DE /* Frameworks */,
				3DAD93E3A197630F86AB6EF8 /* Products */,
			);
			sourceTree = "<group>";
		};
/* End PBXGroup section */

/* Begin PBXNativeTarget section */
		0B867B0EA3989DA65CEE42AA /* Jiukong Zhuyin Tests */ = {
			isa = PBXNativeTarget;
			buildConfigurationList = 622BD080E5DC36F394530D94 /* Build configuration list for PBXNativeTarget "Jiukong Zhuyin Tests" */;
			buildPhases = (
				D1E5C31D2E67039FA36B9455 /* Sources */,
				3DD7639DC087E27E3B8C90F8 /* Frameworks */,
			);
			buildRules = (
			);
			dependencies = (
			);
			name = "Jiukong Zhuyin Tests";
			packageProductDependencies = (
			);
			productName = "Jiukong Zhuyin Tests";
			productReference = FF54C97D4D0041E4DF9AF644 /* Jiukong Zhuyin Tests.xctest */;
			productType = "com.apple.product-type.bundle.unit-test";
		};
		4CF5D70EB81B4BCFF4E05F24 /* Jiukong Acceptance Harness */ = {
			isa = PBXNativeTarget;
			buildConfigurationList = F0E2FC3678531628ACD5B887 /* Build configuration list for PBXNativeTarget "Jiukong Acceptance Harness" */;
			buildPhases = (
				78342CDA343D404CC056A7DE /* Sources */,
				A5386410F462DC8A999CA022 /* Frameworks */,
			);
			buildRules = (
			);
			dependencies = (
			);
			name = "Jiukong Acceptance Harness";
			packageProductDependencies = (
			);
			productName = "Jiukong Acceptance Harness";
			productReference = 03372E98F4DBBEF1F851A3BF /* Jiukong Acceptance Harness */;
			productType = "com.apple.product-type.tool";
		};
		ADDAB8049B125A436A92B854 /* Jiukong Dictionary Builder */ = {
			isa = PBXNativeTarget;
			buildConfigurationList = 4C80E48A1951939808223FB6 /* Build configuration list for PBXNativeTarget "Jiukong Dictionary Builder" */;
			buildPhases = (
				355B89FCB489C38E077F8853 /* Sources */,
				3130BC9DBED3F6E2E2A29F3B /* Frameworks */,
			);
			buildRules = (
			);
			dependencies = (
			);
			name = "Jiukong Dictionary Builder";
			packageProductDependencies = (
			);
			productName = "Jiukong Dictionary Builder";
			productReference = 715321CFA6F26EE6DA16640F /* Jiukong Dictionary Builder */;
			productType = "com.apple.product-type.tool";
		};
		FEACA4DCDDB5E1A1F2154B49 /* Jiukong Zhuyin */ = {
			isa = PBXNativeTarget;
			buildConfigurationList = EA0DCD2BB10C94CB64873398 /* Build configuration list for PBXNativeTarget "Jiukong Zhuyin" */;
			buildPhases = (
				C6159A61F980A4E8941ED916 /* Sources */,
				326D3610FBA88E15CC71A125 /* Resources */,
				557F606ED4DB8C566E6AF95B /* Frameworks */,
			);
			buildRules = (
			);
			dependencies = (
			);
			name = "Jiukong Zhuyin";
			packageProductDependencies = (
			);
			productName = "Jiukong Zhuyin";
			productReference = A096BED47B33FD3425B6DF35 /* Jiukong Zhuyin.app */;
			productType = "com.apple.product-type.application";
		};
/* End PBXNativeTarget section */

/* Begin PBXProject section */
		53593C003D33302E22E06359 /* Project object */ = {
			isa = PBXProject;
			attributes = {
				BuildIndependentTargetsInParallel = YES;
				LastUpgradeCheck = 1430;
				TargetAttributes = {
					0B867B0EA3989DA65CEE42AA = {
						ProvisioningStyle = Manual;
					};
					4CF5D70EB81B4BCFF4E05F24 = {
						ProvisioningStyle = Manual;
					};
					ADDAB8049B125A436A92B854 = {
						ProvisioningStyle = Manual;
					};
					FEACA4DCDDB5E1A1F2154B49 = {
						ProvisioningStyle = Manual;
					};
				};
			};
			buildConfigurationList = 37FAAA7E67E23EBF012832F3 /* Build configuration list for PBXProject "Jiukong Zhuyin" */;
			developmentRegion = en;
			hasScannedForEncodings = 0;
			knownRegions = (
				Base,
				en,
			);
			mainGroup = FBF4B12D57E5448B2A7FF29A;
			minimizedProjectReferenceProxies = 1;
			preferredProjectObjectVersion = 77;
			productRefGroup = 3DAD93E3A197630F86AB6EF8 /* Products */;
			projectDirPath = "";
			projectRoot = "";
			targets = (
				FEACA4DCDDB5E1A1F2154B49 /* Jiukong Zhuyin */,
				0B867B0EA3989DA65CEE42AA /* Jiukong Zhuyin Tests */,
				4CF5D70EB81B4BCFF4E05F24 /* Jiukong Acceptance Harness */,
				ADDAB8049B125A436A92B854 /* Jiukong Dictionary Builder */,
			);
		};
/* End PBXProject section */

/* Begin PBXResourcesBuildPhase section */
		326D3610FBA88E15CC71A125 /* Resources */ = {
			isa = PBXResourcesBuildPhase;
			buildActionMask = 2147483647;
			files = (
				174786A95696AC964BBB4E9C /* CNS11643_NOTICE.txt in Resources */,
				B66C26915E2C357F5F75124D /* InfoPlist.strings in Resources */,
				7E2D7117CFDA78E9807B11F8 /* InfoPlist.strings in Resources */,
				8020A615F713F90B149D7D7E /* JiukongChineseColor.tiff in Resources */,
				A983D01C34A682BE5E9A5CB5 /* JiukongEnglishAColor.tiff in Resources */,
				80B363BEF54D73A50D59D6C3 /* JiukongZhuyin.icns in Resources */,
				28AB81FC9394CA3AC7667269 /* JiukongZhuyin.sqlite3 in Resources */,
				FAA8AF736F00BE3C1D98B4B2 /* JiukongZhuyin.tiff in Resources */,
				21E3AD251A8F91C2BABCE41D /* LICENSE in Resources */,
				A5DB6ECF4DB8559F53142A27 /* THIRD_PARTY_NOTICES.md in Resources */,
				582D9AC95E5A0B8A1F901FC9 /* idiomsdict_usage_note.txt in Resources */,
				80712CA4184D87603AE489B5 /* reviseddict_usage_note.txt in Resources */,
			);
			runOnlyForDeploymentPostprocessing = 0;
		};
/* End PBXResourcesBuildPhase section */

/* Begin PBXSourcesBuildPhase section */
		355B89FCB489C38E077F8853 /* Sources */ = {
			isa = PBXSourcesBuildPhase;
			buildActionMask = 2147483647;
			files = (
				58CBE9AF70FDA1DEB49C8369 /* CNS11643Manifest.swift in Sources */,
				5947BC0113949558CB27C050 /* CNS11643Parser.swift in Sources */,
				6ABAB42F3756D9078A3AB55D /* CharacterDictionary.swift in Sources */,
				2538A2B3C7B9A89AE53CC398 /* DictionaryDatabaseBuilder.swift in Sources */,
				748A37EAEF698053462FED9C /* SQLiteDatabase.swift in Sources */,
				7CC53D7DA8D6E018675A5127 /* main.swift in Sources */,
			);
			runOnlyForDeploymentPostprocessing = 0;
		};
		78342CDA343D404CC056A7DE /* Sources */ = {
			isa = PBXSourcesBuildPhase;
			buildActionMask = 2147483647;
			files = (
				C784F5A3F57A6FB557A6B56E /* main.swift in Sources */,
			);
			runOnlyForDeploymentPostprocessing = 0;
		};
		C6159A61F980A4E8941ED916 /* Sources */ = {
			isa = PBXSourcesBuildPhase;
			buildActionMask = 2147483647;
			files = (
				74B209D9EA69393A3821C3CE /* BopomofoComponent.swift in Sources */,
				E0E3E8A547EFCC37BACA41EA /* BopomofoInputSession.swift in Sources */,
				0352B21E115F9B623A6522F1 /* BopomofoParser.swift in Sources */,
				221A51110211C7971ECB3808 /* BopomofoSyllable.swift in Sources */,
				A05333C1ECECB1A47CE36C80 /* Candidate.swift in Sources */,
				5541F07226D7C1743690D21B /* CandidateCommandReducer.swift in Sources */,
				724300226842DB5D4E6188AA /* CandidateCommandRouter.swift in Sources */,
				7922B9A6DE6E65F931DB7893 /* CandidateInputSourcePolicy.swift in Sources */,
				C68A40019CFABADFB86AFB8F /* CandidateRanker.swift in Sources */,
				D967BA129A655FE1FDD923CC /* CandidateSession.swift in Sources */,
				02E7FB9F1FFB463D76068A0A /* CandidateWindowGeometry.swift in Sources */,
				29F509D9776FACB1E4A2A5F8 /* CandidateWindowPresenter.swift in Sources */,
				B4CEC073646B884FDA6B3D07 /* CharacterCandidateProvider.swift in Sources */,
				DE83BDCA385BDE0B8EC5C726 /* CharacterDictionary.swift in Sources */,
				DD83C944DB869BC12A8E613E /* CharacterLearningRecord.swift in Sources */,
				7FAC91725DD3BA0C1FD5A503 /* CloudKitUserDataTransport.swift in Sources */,
				44DF1A91BFB8A2910BE7D86B /* CloudSyncStateStore.swift in Sources */,
				4E0D9DE49EDA18DC03634DAE /* CloudUserDataModels.swift in Sources */,
				B64D231C81DD6D492AECD234 /* CompositionBuffer.swift in Sources */,
				DDDDEB68BB5A40BF148FFD5D /* CompositionPresentation.swift in Sources */,
				4DE5097304E0676C4EDECE03 /* CompositionSelectionCommandRouter.swift in Sources */,
				542B8FDDC49A9321AEAD8936 /* CursorIndicatorAppearance.swift in Sources */,
				E0A46594541AEC11CB5E0A3F /* CursorIndicatorController.swift in Sources */,
				B45DB918B600DC2BB2A429FC /* CursorIndicatorSettings.swift in Sources */,
				D3809C7726558145797A7920 /* CursorIndicatorSettingsController.swift in Sources */,
				1D773CD1E1A309F6C81E3F1B /* InputController.swift in Sources */,
				E0E06A086EB36FD974ABF230 /* InputMethodConfiguration.swift in Sources */,
				8E799509AF0265E9ABF7D848 /* InputSourceRegistrar.swift in Sources */,
				4E27FB179E3297E5BCDA4255 /* JiukongDebugLog.swift in Sources */,
				4D39358740F95D48BB1148DE /* KeyboardKey.swift in Sources */,
				BECDFB34AA2E5BF67DD334EB /* KeyboardLayout.swift in Sources */,
				BCCCAB446FCD3FF1FCEC7ABB /* LanguageMode.swift in Sources */,
				8BD01F9CBA8CF49E13B52119 /* LanguageModeHUD.swift in Sources */,
				B1409166A1985A84FE6FE8A1 /* MacVirtualKeyResolver.swift in Sources */,
				A42FED9E91B02027F0F587BD /* Preferences.swift in Sources */,
				10F58E2EFB33A47E0A930144 /* PreferencesController.swift in Sources */,
				C79D565EE382F7DF72B0B86E /* PreferencesStore.swift in Sources */,
				FF9E6E8589539CF01B832346 /* ProcessEntitlements.swift in Sources */,
				73B0C3C365AC586D955484A3 /* PunctuationLayout.swift in Sources */,
				3A72184F5739C51510C836C8 /* SQLiteDatabase.swift in Sources */,
				9287CE720D6704310DC434EC /* SettingsPaneBuilder.swift in Sources */,
				5A34442CA12BB28D8BDD49D4 /* SettingsWindowController.swift in Sources */,
				4EE56011674AE8700780FC80 /* ShiftToggleController.swift in Sources */,
				AEE5E0C548CFEB9403D40C1F /* StandardZhuyinLayout.swift in Sources */,
				1F94381C74A7CB144051FCEF /* SystemInputSourceObserver.swift in Sources */,
				EFCBEE5E567827B60368C2E6 /* UserDataArchive.swift in Sources */,
				33951357A88B3EE63C0D5F31 /* UserDataCloudSyncCoordinator.swift in Sources */,
				7554A9A75EB55F73616FD4E3 /* UserDataListController.swift in Sources */,
				1456C798D4B7A0C1F6ED8AEE /* UserDataLocation.swift in Sources */,
				84FAFD8A15D9C4EAB7774211 /* UserLearningService.swift in Sources */,
				32FFACF4D57F4C6532DE149F /* UserLearningStore.swift in Sources */,
				DE72C8816E0AB3015D3E6A41 /* UserPhraseRecord.swift in Sources */,
				D242D1A724515FE9CBB3864F /* ZhuyinKeyboardArrangement.swift in Sources */,
				F32A31CF08E28712EA537A8F /* main.swift in Sources */,
			);
			runOnlyForDeploymentPostprocessing = 0;
		};
		D1E5C31D2E67039FA36B9455 /* Sources */ = {
			isa = PBXSourcesBuildPhase;
			buildActionMask = 2147483647;
			files = (
				C0D2E8687417E57F472D6278 /* BopomofoComponent.swift in Sources */,
				C22E96D6B767D834A219EA83 /* BopomofoInputSession.swift in Sources */,
				A26F4F32F9F39B2A4A7087DB /* BopomofoInputSessionTests.swift in Sources */,
				345D014A7644CB35C17E2839 /* BopomofoParser.swift in Sources */,
				691D5B59E2BAFDC69B588C08 /* BopomofoParserTests.swift in Sources */,
				6F33F5771F3E8FE49F86F21E /* BopomofoSyllable.swift in Sources */,
				25D17A90C07E9393159D5878 /* BopomofoSyllableTests.swift in Sources */,
				541310968ECA585A33D08250 /* CNS11643Manifest.swift in Sources */,
				1B8AB2057B43870E1380A411 /* CNS11643Parser.swift in Sources */,
				638BC03F66F38695BD917CD4 /* CNS11643ParserTests.swift in Sources */,
				2D54DEC94A02BCE037FB0E6A /* Candidate.swift in Sources */,
				D7E75B586FA82EAACCF6E0D8 /* CandidateCommandReducer.swift in Sources */,
				E896398AE7C47441EB7C1FA9 /* CandidateCommandReducerTests.swift in Sources */,
				76A3472BDB7EB02CB094A40B /* CandidateCommandRouter.swift in Sources */,
				2EE85E7821596FF3CE7BB318 /* CandidateCommandRouterTests.swift in Sources */,
				27AFCC19C975073B881F8EB8 /* CandidateInputSourcePolicy.swift in Sources */,
				A0301C6A683601AA029AEB80 /* CandidateInputSourcePolicyTests.swift in Sources */,
				E28F248C99C7DF51EDAF39E1 /* CandidateRanker.swift in Sources */,
				11D885D73DDF9A2F8185CF0E /* CandidateRankerTests.swift in Sources */,
				82C7B20D1A38E5D3A6F84893 /* CandidateSession.swift in Sources */,
				8906769D870222349344D909 /* CandidateSessionTests.swift in Sources */,
				84A630E44B128E3159290C4A /* CandidateWindowGeometry.swift in Sources */,
				9039F5A7FF8C462C8DC0CE60 /* CandidateWindowGeometryTests.swift in Sources */,
				975D05A5C10F709BD3FD6780 /* CharacterCandidateProvider.swift in Sources */,
				062DE77B1B3A7186707494E8 /* CharacterCandidateProviderTests.swift in Sources */,
				783D7541B400A444EFA62568 /* CharacterDictionary.swift in Sources */,
				9400F25BFE4125223C0A4C94 /* CharacterDictionaryTests.swift in Sources */,
				95522E389CFF44DD09F42E1E /* CharacterLearningRecord.swift in Sources */,
				2207DC03991162132E2D24A9 /* CloudKitUserDataTransport.swift in Sources */,
				93E94D975A38BB4DF37C9B1D /* CloudSyncStateStore.swift in Sources */,
				2E2ECD47C774027B14A28B1A /* CloudUserDataModels.swift in Sources */,
				466E8160ED9E56F8243CE8ED /* CloudUserDataModelsTests.swift in Sources */,
				894FB3752118447FFA027069 /* CompositionBuffer.swift in Sources */,
				9E890B00268B9CE953688691 /* CompositionBufferTests.swift in Sources */,
				52262D0D1FE7C1B84A323476 /* CompositionPresentation.swift in Sources */,
				4E179BBFE7B49DD47A04264B /* CompositionPresentationTests.swift in Sources */,
				3C0828692509355D82A1D4EE /* CompositionPunctuationTests.swift in Sources */,
				7405CDDB31C191D8513124AB /* CompositionSelectionCommandRouter.swift in Sources */,
				9ED29E5445797849DC35D866 /* CompositionSelectionCommandRouterTests.swift in Sources */,
				FBAF5AFE01B9D5EE4BDAFFF3 /* CursorIndicatorAppearance.swift in Sources */,
				D89C42F7906FC7C49B80820E /* CursorIndicatorAppearanceTests.swift in Sources */,
				7A1349070DEC486C81212436 /* CursorIndicatorGeometryTests.swift in Sources */,
				83C3DE679188B0C162D3459E /* CursorIndicatorSettings.swift in Sources */,
				F370DC600E90D9AD024FBEC4 /* DictionaryDatabaseBuilder.swift in Sources */,
				1D378560EA1F2C421C82DEEA /* InputMethodBundleMetadataTests.swift in Sources */,
				43C1C9045A125F542E8B2F95 /* InputMethodConfiguration.swift in Sources */,
				55DDF9DCC55CE3B207F10651 /* InputMethodConfigurationTests.swift in Sources */,
				C916E036900B4B6FDD26D113 /* KeyboardKey.swift in Sources */,
				F0ACF6BA1D0666B7364E6650 /* KeyboardLayout.swift in Sources */,
				CA9939E6A9E47F07A760DF9C /* LanguageMode.swift in Sources */,
				DFAB5EC9BDD65F6D06466116 /* MacVirtualKeyResolver.swift in Sources */,
				24AB213BDD66DFC7BFAF095A /* Preferences.swift in Sources */,
				8956540EC92A556EE2F15536 /* PreferencesController.swift in Sources */,
				48C1574090A13ACA908DB702 /* PreferencesControllerTests.swift in Sources */,
				5B46C5E8B79F4EB84B727D15 /* PreferencesStore.swift in Sources */,
				75B45809505AAD2B711EEEEE /* PreferencesStoreTests.swift in Sources */,
				CB892CD22D17228E5671B987 /* PreferencesTests.swift in Sources */,
				4E77E4E926F338BBE5EFAC3A /* ProcessEntitlements.swift in Sources */,
				A0A1101F2A6E54631335AB66 /* PunctuationLayout.swift in Sources */,
				0F0FA0A3E6356E1AA6EC69C2 /* PunctuationLayoutTests.swift in Sources */,
				F7761C7EF89808E052F64C42 /* SQLiteDatabase.swift in Sources */,
				09A6C56FD11D94F7A555F1D5 /* ShiftToggleController.swift in Sources */,
				AECF58023168697EB29690B7 /* ShiftToggleControllerTests.swift in Sources */,
				14C4230B00D5EC61B7A8901F /* StandardZhuyinLayout.swift in Sources */,
				9026C8DCE02772769169E368 /* StandardZhuyinLayoutTests.swift in Sources */,
				9D4AA24580EE764F6247165D /* UserDataArchive.swift in Sources */,
				7986DB8CBA3991C500C83732 /* UserDataArchiveTests.swift in Sources */,
				649EFD22D39CABBFDFC713E0 /* UserDataClearingTests.swift in Sources */,
				D6481FE4F6A1F6757C1446A3 /* UserDataCloudSyncCoordinator.swift in Sources */,
				394E4846ED45546A9D38566D /* UserDataCloudSyncCoordinatorTests.swift in Sources */,
				978D9B4587E3BA9520629731 /* UserDataLocation.swift in Sources */,
				09E3DE5DDF04573C662D9C6D /* UserDataLocationTests.swift in Sources */,
				911BE00DEAF2D048893B9BE4 /* UserDataManagementTests.swift in Sources */,
				2D4263F656A8941B5D8AAF7D /* UserLearningService.swift in Sources */,
				BE4808863CB14E5266F27157 /* UserLearningServiceTests.swift in Sources */,
				D8F7B09EB7E71F6893ACE77A /* UserLearningStore.swift in Sources */,
				F3E8E32FA9DD2C28F030D0D9 /* UserLearningStoreTests.swift in Sources */,
				3F7FC3F751DC27DE32D05449 /* UserPhraseRecord.swift in Sources */,
				6DAD5D17BE31C20B736550B7 /* UserPhraseRecordTests.swift in Sources */,
				1B00F60DE3439C7B17350472 /* UserPhraseStoreTests.swift in Sources */,
				CCDC2BE780CFAC5622DF6ED0 /* ZhuyinKeyboardArrangement.swift in Sources */,
				99047DAB7FB6584F657027DC /* ZhuyinKeyboardArrangementTests.swift in Sources */,
			);
			runOnlyForDeploymentPostprocessing = 0;
		};
/* End PBXSourcesBuildPhase section */

/* Begin XCBuildConfiguration section */
		100C1C9FCEA3037EC80FAC7A /* Release */ = {
			isa = XCBuildConfiguration;
			buildSettings = {
				CODE_SIGN_IDENTITY = "-";
				CODE_SIGN_STYLE = Manual;
				COMBINE_HIDPI_IMAGES = YES;
				ENABLE_APP_SANDBOX = NO;
				LD_RUNPATH_SEARCH_PATHS = (
					"$(inherited)",
					"@executable_path/../Frameworks",
				);
				PRODUCT_BUNDLE_IDENTIFIER = "tw.idv.jiukong.acceptance-harness";
				PRODUCT_MODULE_NAME = JiukongAcceptanceHarness;
				PRODUCT_NAME = JiukongAcceptanceHarness;
				SDKROOT = macosx;
			};
			name = Release;
		};
		14B2702B1B5BDCF86B897FAE /* Release */ = {
			isa = XCBuildConfiguration;
			buildSettings = {
				ASSETCATALOG_COMPILER_APPICON_NAME = AppIcon;
				CODE_SIGN_ENTITLEMENTS = "$(JIUKONG_CLOUDKIT_ENTITLEMENTS)";
				CODE_SIGN_IDENTITY = "-";
				CODE_SIGN_STYLE = Manual;
				COMBINE_HIDPI_IMAGES = YES;
				CURRENT_PROJECT_VERSION = 8;
				ENABLE_APP_SANDBOX = NO;
				ENABLE_HARDENED_RUNTIME = NO;
				GENERATE_INFOPLIST_FILE = NO;
				INFOPLIST_FILE = Resources/Info.plist;
				LD_RUNPATH_SEARCH_PATHS = (
					"$(inherited)",
					"@executable_path/../Frameworks",
				);
				MARKETING_VERSION = 0.1.0;
				PRODUCT_BUNDLE_IDENTIFIER = tw.idv.jiukong.inputmethod.zhuyin;
				PRODUCT_MODULE_NAME = JiukongZhuyin;
				PRODUCT_NAME = "Jiukong Zhuyin";
				SDKROOT = macosx;
			};
			name = Release;
		};
		2AAC0596E81E115F00EFDB39 /* Debug */ = {
			isa = XCBuildConfiguration;
			buildSettings = {
				BUNDLE_LOADER = "$(TEST_HOST)";
				CODE_SIGN_IDENTITY = "-";
				CODE_SIGN_STYLE = Manual;
				COMBINE_HIDPI_IMAGES = YES;
				ENABLE_APP_SANDBOX = NO;
				GENERATE_INFOPLIST_FILE = YES;
				LD_RUNPATH_SEARCH_PATHS = (
					"$(inherited)",
					"@executable_path/../Frameworks",
					"@loader_path/../Frameworks",
				);
				MACOSX_DEPLOYMENT_TARGET = 14.0;
				PRODUCT_BUNDLE_IDENTIFIER = tw.idv.jiukong.inputmethod.zhuyin.tests;
				PRODUCT_MODULE_NAME = JiukongZhuyinTests;
				PRODUCT_NAME = "Jiukong Zhuyin Tests";
				SDKROOT = macosx;
			};
			name = Debug;
		};
		2F830ACA6082A53B1A0533D4 /* Debug */ = {
			isa = XCBuildConfiguration;
			buildSettings = {
				CODE_SIGN_IDENTITY = "-";
				CODE_SIGN_STYLE = Manual;
				COMBINE_HIDPI_IMAGES = YES;
				ENABLE_APP_SANDBOX = NO;
				LD_RUNPATH_SEARCH_PATHS = (
					"$(inherited)",
					"@executable_path/../Frameworks",
				);
				PRODUCT_BUNDLE_IDENTIFIER = "tw.idv.jiukong.acceptance-harness";
				PRODUCT_MODULE_NAME = JiukongAcceptanceHarness;
				PRODUCT_NAME = JiukongAcceptanceHarness;
				SDKROOT = macosx;
			};
			name = Debug;
		};
		631386F57748793990BA29C5 /* Debug */ = {
			isa = XCBuildConfiguration;
			buildSettings = {
				ALWAYS_SEARCH_USER_PATHS = NO;
				CLANG_ANALYZER_LOCALIZABILITY_NONLOCALIZED = YES;
				CLANG_ANALYZER_NONNULL = YES;
				CLANG_ANALYZER_NUMBER_OBJECT_CONVERSION = YES_AGGRESSIVE;
				CLANG_CXX_LANGUAGE_STANDARD = "gnu++14";
				CLANG_CXX_LIBRARY = "libc++";
				CLANG_ENABLE_MODULES = YES;
				CLANG_ENABLE_OBJC_ARC = YES;
				CLANG_ENABLE_OBJC_WEAK = YES;
				CLANG_WARN_BLOCK_CAPTURE_AUTORELEASING = YES;
				CLANG_WARN_BOOL_CONVERSION = YES;
				CLANG_WARN_COMMA = YES;
				CLANG_WARN_CONSTANT_CONVERSION = YES;
				CLANG_WARN_DEPRECATED_OBJC_IMPLEMENTATIONS = YES;
				CLANG_WARN_DIRECT_OBJC_ISA_USAGE = YES_ERROR;
				CLANG_WARN_DOCUMENTATION_COMMENTS = YES;
				CLANG_WARN_EMPTY_BODY = YES;
				CLANG_WARN_ENUM_CONVERSION = YES;
				CLANG_WARN_INFINITE_RECURSION = YES;
				CLANG_WARN_INT_CONVERSION = YES;
				CLANG_WARN_NON_LITERAL_NULL_CONVERSION = YES;
				CLANG_WARN_OBJC_IMPLICIT_RETAIN_SELF = YES;
				CLANG_WARN_OBJC_LITERAL_CONVERSION = YES;
				CLANG_WARN_OBJC_ROOT_CLASS = YES_ERROR;
				CLANG_WARN_QUOTED_INCLUDE_IN_FRAMEWORK_HEADER = YES;
				CLANG_WARN_RANGE_LOOP_ANALYSIS = YES;
				CLANG_WARN_STRICT_PROTOTYPES = YES;
				CLANG_WARN_SUSPICIOUS_MOVE = YES;
				CLANG_WARN_UNGUARDED_AVAILABILITY = YES_AGGRESSIVE;
				CLANG_WARN_UNREACHABLE_CODE = YES;
				CLANG_WARN__DUPLICATE_METHOD_MATCH = YES;
				COPY_PHASE_STRIP = NO;
				DEAD_CODE_STRIPPING = YES;
				DEBUG_INFORMATION_FORMAT = dwarf;
				ENABLE_STRICT_OBJC_MSGSEND = YES;
				ENABLE_TESTABILITY = YES;
				GCC_C_LANGUAGE_STANDARD = gnu17;
				GCC_DYNAMIC_NO_PIC = NO;
				GCC_NO_COMMON_BLOCKS = YES;
				GCC_OPTIMIZATION_LEVEL = 0;
				GCC_PREPROCESSOR_DEFINITIONS = (
					"$(inherited)",
					"DEBUG=1",
				);
				GCC_WARN_64_TO_32_BIT_CONVERSION = YES;
				GCC_WARN_ABOUT_RETURN_TYPE = YES_ERROR;
				GCC_WARN_UNDECLARED_SELECTOR = YES;
				GCC_WARN_UNINITIALIZED_AUTOS = YES_AGGRESSIVE;
				GCC_WARN_UNUSED_FUNCTION = YES;
				GCC_WARN_UNUSED_VARIABLE = YES;
				MACOSX_DEPLOYMENT_TARGET = 13.0;
				MTL_ENABLE_DEBUG_INFO = INCLUDE_SOURCE;
				MTL_FAST_MATH = YES;
				ONLY_ACTIVE_ARCH = YES;
				PRODUCT_NAME = "$(TARGET_NAME)";
				SDKROOT = macosx;
				SWIFT_ACTIVE_COMPILATION_CONDITIONS = DEBUG;
				SWIFT_OPTIMIZATION_LEVEL = "-Onone";
				SWIFT_VERSION = 5.0;
			};
			name = Debug;
		};
		6A555311FCDDA36547B4CADA /* Release */ = {
			isa = XCBuildConfiguration;
			buildSettings = {
				CODE_SIGN_IDENTITY = "-";
				CODE_SIGN_STYLE = Manual;
				COMBINE_HIDPI_IMAGES = YES;
				ENABLE_APP_SANDBOX = NO;
				LD_RUNPATH_SEARCH_PATHS = (
					"$(inherited)",
					"@executable_path/../Frameworks",
				);
				PRODUCT_BUNDLE_IDENTIFIER = "tw.idv.jiukong.dictionary-builder";
				PRODUCT_MODULE_NAME = JiukongDictionaryBuilder;
				PRODUCT_NAME = JiukongDictionaryBuilder;
				SDKROOT = macosx;
			};
			name = Release;
		};
		895052FB5831D016909DC72B /* Debug */ = {
			isa = XCBuildConfiguration;
			buildSettings = {
				ASSETCATALOG_COMPILER_APPICON_NAME = AppIcon;
				CODE_SIGN_ENTITLEMENTS = "$(JIUKONG_CLOUDKIT_ENTITLEMENTS)";
				CODE_SIGN_IDENTITY = "-";
				CODE_SIGN_STYLE = Manual;
				COMBINE_HIDPI_IMAGES = YES;
				CURRENT_PROJECT_VERSION = 8;
				ENABLE_APP_SANDBOX = NO;
				ENABLE_HARDENED_RUNTIME = NO;
				GENERATE_INFOPLIST_FILE = NO;
				INFOPLIST_FILE = Resources/Info.plist;
				LD_RUNPATH_SEARCH_PATHS = (
					"$(inherited)",
					"@executable_path/../Frameworks",
				);
				MARKETING_VERSION = 0.1.0;
				PRODUCT_BUNDLE_IDENTIFIER = tw.idv.jiukong.inputmethod.zhuyin;
				PRODUCT_MODULE_NAME = JiukongZhuyin;
				PRODUCT_NAME = "Jiukong Zhuyin";
				SDKROOT = macosx;
			};
			name = Debug;
		};
		A51C9483208E17B43769D23E /* Debug */ = {
			isa = XCBuildConfiguration;
			buildSettings = {
				CODE_SIGN_IDENTITY = "-";
				CODE_SIGN_STYLE = Manual;
				COMBINE_HIDPI_IMAGES = YES;
				ENABLE_APP_SANDBOX = NO;
				LD_RUNPATH_SEARCH_PATHS = (
					"$(inherited)",
					"@executable_path/../Frameworks",
				);
				PRODUCT_BUNDLE_IDENTIFIER = "tw.idv.jiukong.dictionary-builder";
				PRODUCT_MODULE_NAME = JiukongDictionaryBuilder;
				PRODUCT_NAME = JiukongDictionaryBuilder;
				SDKROOT = macosx;
			};
			name = Debug;
		};
		EF0A9B0F829DCA9C9252885E /* Release */ = {
			isa = XCBuildConfiguration;
			buildSettings = {
				ALWAYS_SEARCH_USER_PATHS = NO;
				CLANG_ANALYZER_LOCALIZABILITY_NONLOCALIZED = YES;
				CLANG_ANALYZER_NONNULL = YES;
				CLANG_ANALYZER_NUMBER_OBJECT_CONVERSION = YES_AGGRESSIVE;
				CLANG_CXX_LANGUAGE_STANDARD = "gnu++14";
				CLANG_CXX_LIBRARY = "libc++";
				CLANG_ENABLE_MODULES = YES;
				CLANG_ENABLE_OBJC_ARC = YES;
				CLANG_ENABLE_OBJC_WEAK = YES;
				CLANG_WARN_BLOCK_CAPTURE_AUTORELEASING = YES;
				CLANG_WARN_BOOL_CONVERSION = YES;
				CLANG_WARN_COMMA = YES;
				CLANG_WARN_CONSTANT_CONVERSION = YES;
				CLANG_WARN_DEPRECATED_OBJC_IMPLEMENTATIONS = YES;
				CLANG_WARN_DIRECT_OBJC_ISA_USAGE = YES_ERROR;
				CLANG_WARN_DOCUMENTATION_COMMENTS = YES;
				CLANG_WARN_EMPTY_BODY = YES;
				CLANG_WARN_ENUM_CONVERSION = YES;
				CLANG_WARN_INFINITE_RECURSION = YES;
				CLANG_WARN_INT_CONVERSION = YES;
				CLANG_WARN_NON_LITERAL_NULL_CONVERSION = YES;
				CLANG_WARN_OBJC_IMPLICIT_RETAIN_SELF = YES;
				CLANG_WARN_OBJC_LITERAL_CONVERSION = YES;
				CLANG_WARN_OBJC_ROOT_CLASS = YES_ERROR;
				CLANG_WARN_QUOTED_INCLUDE_IN_FRAMEWORK_HEADER = YES;
				CLANG_WARN_RANGE_LOOP_ANALYSIS = YES;
				CLANG_WARN_STRICT_PROTOTYPES = YES;
				CLANG_WARN_SUSPICIOUS_MOVE = YES;
				CLANG_WARN_UNGUARDED_AVAILABILITY = YES_AGGRESSIVE;
				CLANG_WARN_UNREACHABLE_CODE = YES;
				CLANG_WARN__DUPLICATE_METHOD_MATCH = YES;
				COPY_PHASE_STRIP = NO;
				DEAD_CODE_STRIPPING = YES;
				DEBUG_INFORMATION_FORMAT = "dwarf-with-dsym";
				ENABLE_NS_ASSERTIONS = NO;
				ENABLE_STRICT_OBJC_MSGSEND = YES;
				GCC_C_LANGUAGE_STANDARD = gnu17;
				GCC_NO_COMMON_BLOCKS = YES;
				GCC_WARN_64_TO_32_BIT_CONVERSION = YES;
				GCC_WARN_ABOUT_RETURN_TYPE = YES_ERROR;
				GCC_WARN_UNDECLARED_SELECTOR = YES;
				GCC_WARN_UNINITIALIZED_AUTOS = YES_AGGRESSIVE;
				GCC_WARN_UNUSED_FUNCTION = YES;
				GCC_WARN_UNUSED_VARIABLE = YES;
				MACOSX_DEPLOYMENT_TARGET = 13.0;
				MTL_ENABLE_DEBUG_INFO = NO;
				MTL_FAST_MATH = YES;
				PRODUCT_NAME = "$(TARGET_NAME)";
				SDKROOT = macosx;
				SWIFT_COMPILATION_MODE = wholemodule;
				SWIFT_OPTIMIZATION_LEVEL = "-O";
				SWIFT_VERSION = 5.0;
			};
			name = Release;
		};
		FF8E988D46FEAC531CB3E78C /* Release */ = {
			isa = XCBuildConfiguration;
			buildSettings = {
				BUNDLE_LOADER = "$(TEST_HOST)";
				CODE_SIGN_IDENTITY = "-";
				CODE_SIGN_STYLE = Manual;
				COMBINE_HIDPI_IMAGES = YES;
				ENABLE_APP_SANDBOX = NO;
				GENERATE_INFOPLIST_FILE = YES;
				LD_RUNPATH_SEARCH_PATHS = (
					"$(inherited)",
					"@executable_path/../Frameworks",
					"@loader_path/../Frameworks",
				);
				MACOSX_DEPLOYMENT_TARGET = 14.0;
				PRODUCT_BUNDLE_IDENTIFIER = tw.idv.jiukong.inputmethod.zhuyin.tests;
				PRODUCT_MODULE_NAME = JiukongZhuyinTests;
				PRODUCT_NAME = "Jiukong Zhuyin Tests";
				SDKROOT = macosx;
			};
			name = Release;
		};
/* End XCBuildConfiguration section */

/* Begin XCConfigurationList section */
		37FAAA7E67E23EBF012832F3 /* Build configuration list for PBXProject "Jiukong Zhuyin" */ = {
			isa = XCConfigurationList;
			buildConfigurations = (
				631386F57748793990BA29C5 /* Debug */,
				EF0A9B0F829DCA9C9252885E /* Release */,
			);
			defaultConfigurationIsVisible = 0;
			defaultConfigurationName = Debug;
		};
		4C80E48A1951939808223FB6 /* Build configuration list for PBXNativeTarget "Jiukong Dictionary Builder" */ = {
			isa = XCConfigurationList;
			buildConfigurations = (
				A51C9483208E17B43769D23E /* Debug */,
				6A555311FCDDA36547B4CADA /* Release */,
			);
			defaultConfigurationIsVisible = 0;
			defaultConfigurationName = Debug;
		};
		622BD080E5DC36F394530D94 /* Build configuration list for PBXNativeTarget "Jiukong Zhuyin Tests" */ = {
			isa = XCConfigurationList;
			buildConfigurations = (
				2AAC0596E81E115F00EFDB39 /* Debug */,
				FF8E988D46FEAC531CB3E78C /* Release */,
			);
			defaultConfigurationIsVisible = 0;
			defaultConfigurationName = Debug;
		};
		EA0DCD2BB10C94CB64873398 /* Build configuration list for PBXNativeTarget "Jiukong Zhuyin" */ = {
			isa = XCConfigurationList;
			buildConfigurations = (
				895052FB5831D016909DC72B /* Debug */,
				14B2702B1B5BDCF86B897FAE /* Release */,
			);
			defaultConfigurationIsVisible = 0;
			defaultConfigurationName = Debug;
		};
		F0E2FC3678531628ACD5B887 /* Build configuration list for PBXNativeTarget "Jiukong Acceptance Harness" */ = {
			isa = XCConfigurationList;
			buildConfigurations = (
				2F830ACA6082A53B1A0533D4 /* Debug */,
				100C1C9FCEA3037EC80FAC7A /* Release */,
			);
			defaultConfigurationIsVisible = 0;
			defaultConfigurationName = Debug;
		};
/* End XCConfigurationList section */
	};
	rootObject = 53593C003D33302E22E06359 /* Project object */;
}
